// !$*UTF8*$!
{
	archiveVersion = 1;
	classes = {
	};
	objectVersion = 56;
	objects = {

/* Begin PBXBuildFile section */
		DF2FD1A62ADFABC000CB61C3 /* PhoneNumberApp.swift in Sources */ = {isa = PBXBuildFile; fileRef = DF2FD1A52ADFABC000CB61C3 /* PhoneNumberApp.swift */; };
		DF2FD1A82ADFABC000CB61C3 /* ContentView.swift in Sources */ = {isa = PBXBuildFile; fileRef = DF2FD1A72ADFABC000CB61C3 /* ContentView.swift */; };
		DF2FD1AA2ADFABC300CB61C3 /* Assets.xcassets in Resources */ = {isa = PBXBuildFile; fileRef = DF2FD1A92ADFABC300CB61C3 /* Assets.xcassets */; };
		DF2FD1AD2ADFABC300CB61C3 /* Preview Assets.xcassets in Resources */ = {isa = PBXBuildFile; fileRef = DF2FD1AC2ADFABC300CB61C3 /* Preview Assets.xcassets */; };
		DF2FD1B72ADFABC300CB61C3 /* PhoneNumberTests.swift in Sources */ = {isa = PBXBuildFile; fileRef = DF2FD1B62ADFABC300CB61C3 /* PhoneNumberTests.swift */; };
		DF2FD1C12ADFABC300CB61C3 /* PhoneNumberUITests.swift in Sources */ = {isa = PBXBuildFile; fileRef = DF2FD1C02ADFABC300CB61C3 /* PhoneNumberUITests.swift */; };
		DF2FD1C32ADFABC300CB61C3 /* PhoneNumberUITestsLaunchTests.swift in Sources */ = {isa = PBXBuildFile; fileRef = DF2FD1C22ADFABC300CB61C3 /* PhoneNumberUITestsLaunchTests.swift */; };
/* End PBXBuildFile section */

/* Begin PBXContainerItemProxy section */
		DF2FD1B32ADFABC300CB61C3 /* PBXContainerItemProxy */ = {
			isa = PBXContainerItemProxy;
			containerPortal = DF2FD19A2ADFABC000CB61C3 /* Project object */;
			proxyType = 1;
			remoteGlobalIDString = DF2FD1A12ADFABC000CB61C3;
			remoteInfo = PhoneNumber;
		};
		DF2FD1BD2ADFABC300CB61C3 /* PBXContainerItemProxy */ = {
			isa = PBXContainerItemProxy;
			containerPortal = DF2FD19A2ADFABC000CB61C3 /* Project object */;
			proxyType = 1;
			remoteGlobalIDString = DF2FD1A12ADFABC000CB61C3;
			remoteInfo = PhoneNumber;
		};
/* End PBXContainerItemProxy section */

/* Begin PBXFileReference section */
		DF2FD1A22ADFABC000CB61C3 /* PhoneNumber.app */ = {isa = PBXFileReference; explicitFileType = wrapper.application; includeInIndex = 0; path = PhoneNumber.app; sourceTree = BUILT_PRODUCTS_DIR; };
		DF2FD1A52ADFABC000CB61C3 /* PhoneNumberApp.swift */ = {isa = PBXFileReference; lastKnownFileType = sourcecode.swift; path = PhoneNumberApp.swift; sourceTree = "<group>"; };
		DF2FD1A72ADFABC000CB61C3 /* ContentView.swift */ = {isa = PBXFileReference; lastKnownFileType = sourcecode.swift; path = ContentView.swift; sourceTree = "<group>"; };
		DF2FD1A92ADFABC300CB61C3 /* Assets.xcassets */ = {isa = PBXFileReference; lastKnownFileType = folder.assetcatalog; path = Assets.xcassets; sourceTree = "<group>"; };
		DF2FD1AC2ADFABC300CB61C3 /* Preview Assets.xcassets */ = {isa = PBXFileReference; lastKnownFileType = folder.assetcatalog; path = "Preview Assets.xcassets"; sourceTree = "<group>"; };
		DF2FD1B22ADFABC300CB61C3 /* PhoneNumberTests.xctest */ = {isa = PBXFileReference; explicitFileType = wrapper.cfbundle; includeInIndex = 0; path = PhoneNumberTests.xctest; sourceTree = BUILT_PRODUCTS_DIR; };
		DF2FD1B62ADFABC300CB61C3 /* PhoneNumberTests.swift */ = {isa = PBXFileReference; lastKnownFileType = sourcecode.swift; path = PhoneNumberTests.swift; sourceTree = "<group>"; };
		DF2FD1BC2ADFABC300CB61C3 /* PhoneNumberUITests.xctest */ = {isa = PBXFileReference; explicitFileType = wrapper.cfbundle; includeInIndex = 0; path = PhoneNumberUITests.xctest; sourceTree = BUILT_PRODUCTS_DIR; };
		DF2FD1C02ADFABC300CB61C3 /* PhoneNumberUITests.swift */ = {isa = PBXFileReference; lastKnownFileType = sourcecode.swift; path = PhoneNumberUITests.swift; sourceTree = "<group>"; };
		DF2FD1C22ADFABC300CB61C3 /* PhoneNumberUITestsLaunchTests.swift */ = {isa = PBXFileReference; lastKnownFileType = sourcecode.swift; path = PhoneNumberUITestsLaunchTests.swift; sourceTree = "<group>"; };
/* End PBXFileReference section */

/* Begin PBXFrameworksBuildPhase section */
		DF2FD19F2ADFABC000CB61C3 /* Frameworks */ = {
			isa = PBXFrameworksBuildPhase;
			buildActionMask = 2147483647;
			files = (
			);
			runOnlyForDeploymentPostprocessing = 0;
		};
		DF2FD1AF2ADFABC300CB61C3 /* Frameworks */ = {
			isa = PBXFrameworksBuildPhase;
			buildActionMask = 2147483647;
			files = (
			);
			runOnlyForDeploymentPostprocessing = 0;
		};
		DF2FD1B92ADFABC300CB61C3 /* Frameworks */ = {
			isa = PBXFrameworksBuildPhase;
			buildActionMask = 2147483647;
			files = (
			);
			runOnlyForDeploymentPostprocessing = 0;
		};
/* End PBXFrameworksBuildPhase section */

/* Begin PBXGroup section */
		DF2FD1992ADFABC000CB61C3 = {
			isa = PBXGroup;
			children = (
				DF2FD1A42ADFABC000CB61C3 /* PhoneNumber */,
				DF2FD1B52ADFABC300CB61C3 /* PhoneNumberTests */,
				DF2FD1BF2ADFABC300CB61C3 /* PhoneNumberUITests */,
				DF2FD1A32ADFABC000CB61C3 /* Products */,
			);
			sourceTree = "<group>";
		};
		DF2FD1A32ADFABC000CB61C3 /* Products */ = {
			isa = PBXGroup;
			children = (
				DF2FD1A22ADFABC000CB61C3 /* PhoneNumber.app */,
				DF2FD1B22ADFABC300CB61C3 /* PhoneNumberTests.xctest */,
				DF2FD1BC2ADFABC300CB61C3 /* PhoneNumberUITests.xctest */,
			);
			name = Products;
			sourceTree = "<group>";
		};
		DF2FD1A42ADFABC000CB61C3 /* PhoneNumber */ = {
			isa = PBXGroup;
			children = (
				DF2FD1A52ADFABC000CB61C3 /* PhoneNumberApp.swift */,
				DF2FD1A72ADFABC000CB61C3 /* ContentView.swift */,
				DF2FD1A92ADFABC300CB61C3 /* Assets.xcassets */,
				DF2FD1AB2ADFABC300CB61C3 /* Preview Content */,
			);
			path = PhoneNumber;
			sourceTree = "<group>";
		};
		DF2FD1AB2ADFABC300CB61C3 /* Preview Content */ = {
			isa = PBXGroup;
			children = (
				DF2FD1AC2ADFABC300CB61C3 /* Preview Assets.xcassets */,
			);
			path = "Preview Content";
			sourceTree = "<group>";
		};
		DF2FD1B52ADFABC300CB61C3 /* PhoneNumberTests */ = {
			isa = PBXGroup;
			children = (
				DF2FD1B62ADFABC300CB61C3 /* PhoneNumberTests.swift */,
			);
			path = PhoneNumberTests;
			sourceTree = "<group>";
		};
		DF2FD1BF2ADFABC300CB61C3 /* PhoneNumberUITests */ = {
			isa = PBXGroup;
			children = (
				DF2FD1C02ADFABC300CB61C3 /* PhoneNumberUITests.swift */,
				DF2FD1C22ADFABC300CB61C3 /* PhoneNumberUITestsLaunchTests.swift */,
			);
			path = PhoneNumberUITests;
			sourceTree = "<group>";
		};
/* End PBXGroup section */

/* Begin PBXNativeTarget section */
		DF2FD1A12ADFABC000CB61C3 /* PhoneNumber */ = {
			isa = PBXNativeTarget;
			buildConfigurationList = DF2FD1C62ADFABC300CB61C3 /* Build configuration list for PBXNativeTarget "PhoneNumber" */;
			buildPhases = (
				DF2FD19E2ADFABC000CB61C3 /* Sources */,
				DF2FD19F2ADFABC000CB61C3 /* Frameworks */,
				DF2FD1A02ADFABC000CB61C3 /* Resources */,
			);
			buildRules = (
			);
			dependencies = (
			);
			name = PhoneNumber;
			productName = PhoneNumber;
			productReference = DF2FD1A22ADFABC000CB61C3 /* PhoneNumber.app */;
			productType = "com.apple.product-type.application";
		};
		DF2FD1B12ADFABC300CB61C3 /* PhoneNumberTests */ = {
			isa = PBXNativeTarget;
			buildConfigurationList = DF2FD1C92ADFABC300CB61C3 /* Build configuration list for PBXNativeTarget "PhoneNumberTests" */;
			buildPhases = (
				DF2FD1AE2ADFABC300CB61C3 /* Sources */,
				DF2FD1AF2ADFABC300CB61C3 /* Frameworks */,
				DF2FD1B02ADFABC300CB61C3 /* Resources */,
			);
			buildRules = (
			);
			dependencies = (
				DF2FD1B42ADFABC300CB61C3 /* PBXTargetDependency */,
			);
			name = PhoneNumberTests;
			productName = PhoneNumberTests;
			productReference = DF2FD1B22ADFABC300CB61C3 /* PhoneNumberTests.xctest */;
			productType = "com.apple.product-type.bundle.unit-test";
		};
		DF2FD1BB2ADFABC300CB61C3 /* PhoneNumberUITests */ = {
			isa = PBXNativeTarget;
			buildConfigurationList = DF2FD1CC2ADFABC300CB61C3 /* Build configuration list for PBXNativeTarget "PhoneNumberUITests" */;
			buildPhases = (
				DF2FD1B82ADFABC300CB61C3 /* Sources */,
				DF2FD1B92ADFABC300CB61C3 /* Frameworks */,
				DF2FD1BA2ADFABC300CB61C3 /* Resources */,
			);
			buildRules = (
			);
			dependencies = (
				DF2FD1BE2ADFABC300CB61C3 /* PBXTargetDependency */,
			);
			name = PhoneNumberUITests;
			productName = PhoneNumberUITests;
			productReference = DF2FD1BC2ADFABC300CB61C3 /* PhoneNumberUITests.xctest */;
			productType = "com.apple.product-type.bundle.ui-testing";
		};
/* End PBXNativeTarget section */

/* Begin PBXProject section */
		DF2FD19A2ADFABC000CB61C3 /* Project object */ = {
			isa = PBXProject;
			attributes = {
				BuildIndependentTargetsInParallel = 1;
				LastSwiftUpdateCheck = 1500;
				LastUpgradeCheck = 1500;
				TargetAttributes = {
					DF2FD1A12ADFABC000CB61C3 = {
						CreatedOnToolsVersion = 15.0;
					};
					DF2FD1B12ADFABC300CB61C3 = {
						CreatedOnToolsVersion = 15.0;
						TestTargetID = DF2FD1A12ADFABC000CB61C3;
					};
					DF2FD1BB2ADFABC300CB61C3 = {
						CreatedOnToolsVersion = 15.0;
						TestTargetID = DF2FD1A12ADFABC000CB61C3;
					};
				};
			};
			buildConfigurationList = DF2FD19D2ADFABC000CB61C3 /* Build configuration list for PBXProject "PhoneNumber" */;
			compatibilityVersion = "Xcode 14.0";
			developmentRegion = en;
			hasScannedForEncodings = 0;
			knownRegions = (
				en,
				Base,
			);
			mainGroup = DF2FD1992ADFABC000CB61C3;
			productRefGroup = DF2FD1A32ADFABC000CB61C3 /* Products */;
			projectDirPath = "";
			projectRoot = "";
			targets = (
				DF2FD1A12ADFABC000CB61C3 /* PhoneNumber */,
				DF2FD1B12ADFABC300CB61C3 /* PhoneNumberTests */,
				DF2FD1BB2ADFABC300CB61C3 /* PhoneNumberUITests */,
			);
		};
/* End PBXProject section */

/* Begin PBXResourcesBuildPhase section */
		DF2FD1A02ADFABC000CB61C3 /* Resources */ = {
			isa = PBXResourcesBuildPhase;
			buildActionMask = 2147483647;
			files = (
				DF2FD1AD2ADFABC300CB61C3 /* Preview Assets.xcassets in Resources */,
				DF2FD1AA2ADFABC300CB61C3 /* Assets.xcassets in Resources */,
			);
			runOnlyForDeploymentPostprocessing = 0;
		};
		DF2FD1B02ADFABC300CB61C3 /* Resources */ = {
			isa = PBXResourcesBuildPhase;
			buildActionMask = 2147483647;
			files = (
			);
			runOnlyForDeploymentPostprocessing = 0;
		};
		DF2FD1BA2ADFABC300CB61C3 /* Resources */ = {
			isa = PBXResourcesBuildPhase;
			buildActionMask = 2147483647;
			files = (
			);
			runOnlyForDeploymentPostprocessing = 0;
		};
/* End PBXResourcesBuildPhase section */

/* Begin PBXSourcesBuildPhase section */
		DF2FD19E2ADFABC000CB61C3 /* Sources */ = {
			isa = PBXSourcesBuildPhase;
			buildActionMask = 2147483647;
			files = (
				DF2FD1A82ADFABC000CB61C3 /* ContentView.swift in Sources */,
				DF2FD1A62ADFABC000CB61C3 /* PhoneNumberApp.swift in Sources */,
			);
			runOnlyForDeploymentPostprocessing = 0;
		};
		DF2FD1AE2ADFABC300CB61C3 /* Sources */ = {
			isa = PBXSourcesBuildPhase;
			buildActionMask = 2147483647;
			files = (
				DF2FD1B72ADFABC300CB61C3 /* PhoneNumberTests.swift in Sources */,
			);
			runOnlyForDeploymentPostprocessing = 0;
		};
		DF2FD1B82ADFABC300CB61C3 /* Sources */ = {
			isa = PBXSourcesBuildPhase;
			buildActionMask = 2147483647;
			files = (
				DF2FD1C32ADFABC300CB61C3 /* PhoneNumberUITestsLaunchTests.swift in Sources */,
				DF2FD1C12ADFABC300CB61C3 /* PhoneNumberUITests.swift in Sources */,
			);
			runOnlyForDeploymentPostprocessing = 0;
		};
/* End PBXSourcesBuildPhase section */

/* Begin PBXTargetDependency section */
		DF2FD1B42ADFABC300CB61C3 /* PBXTargetDependency */ = {
			isa = PBXTargetDependency;
			target = DF2FD1A12ADFABC000CB61C3 /* PhoneNumber */;
			targetProxy = DF2FD1B32ADFABC300CB61C3 /* PBXContainerItemProxy */;
		};
		DF2FD1BE2ADFABC300CB61C3 /* PBXTargetDependency */ = {
			isa = PBXTargetDependency;
			target = DF2FD1A12ADFABC000CB61C3 /* PhoneNumber */;
			targetProxy = DF2FD1BD2ADFABC300CB61C3 /* PBXContainerItemProxy */;
		};
/* End PBXTargetDependency section */

/* Begin XCBuildConfiguration section */
		DF2FD1C42ADFABC300CB61C3 /* Debug */ = {
			isa = XCBuildConfiguration;
			buildSettings = {
				ALWAYS_SEARCH_USER_PATHS = NO;
				ASSETCATALOG_COMPILER_GENERATE_SWIFT_ASSET_SYMBOL_EXTENSIONS = YES;
				CLANG_ANALYZER_NONNULL = YES;
				CLANG_ANALYZER_NUMBER_OBJECT_CONVERSION = YES_AGGRESSIVE;
				CLANG_CXX_LANGUAGE_STANDARD = "gnu++20";
				CLANG_ENABLE_MODULES = YES;
				CLANG_ENABLE_OBJC_ARC = YES;
				CLANG_ENABLE_OBJC_WEAK = YES;
				CLANG_WARN_BLOCK_CAPTURE_AUTORELEASING = YES;
				CLANG_WARN_BOOL_CONVERSION = YES;
				CLANG_WARN_COMMA = YES;
				CLANG_WARN_CONSTANT_CONVERSION = YES;
				CLANG_WARN_DEPRECATED_OBJC_IMPLEMENTATIONS = YES;
				CLANG_WARN_DIRECT_OBJC_ISA_USAGE = YES_ERROR;
				CLANG_WARN_DOCUMENTATION_COMMENTS = YES;
				CLANG_WARN_EMPTY_BODY = YES;
				CLANG_WARN_ENUM_CONVERSION = YES;
				CLANG_WARN_INFINITE_RECURSION = YES;
				CLANG_WARN_INT_CONVERSION = YES;
				CLANG_WARN_NON_LITERAL_NULL_CONVERSION = YES;
				CLANG_WARN_OBJC_IMPLICIT_RETAIN_SELF = YES;
				CLANG_WARN_OBJC_LITERAL_CONVERSION = YES;
				CLANG_WARN_OBJC_ROOT_CLASS = YES_ERROR;
				CLANG_WARN_QUOTED_INCLUDE_IN_FRAMEWORK_HEADER = YES;
				CLANG_WARN_RANGE_LOOP_ANALYSIS = YES;
				CLANG_WARN_STRICT_PROTOTYPES = YES;
				CLANG_WARN_SUSPICIOUS_MOVE = YES;
				CLANG_WARN_UNGUARDED_AVAILABILITY = YES_AGGRESSIVE;
				CLANG_WARN_UNREACHABLE_CODE = YES;
				CLANG_WARN__DUPLICATE_METHOD_MATCH = YES;
				COPY_PHASE_STRIP = NO;
				DEBUG_INFORMATION_FORMAT = dwarf;
				ENABLE_STRICT_OBJC_MSGSEND = YES;
				ENABLE_TESTABILITY = YES;
				ENABLE_USER_SCRIPT_SANDBOXING = YES;
				GCC_C_LANGUAGE_STANDARD = gnu17;
				GCC_DYNAMIC_NO_PIC = NO;
				GCC_NO_COMMON_BLOCKS = YES;
				GCC_OPTIMIZATION_LEVEL = 0;
				GCC_PREPROCESSOR_DEFINITIONS = (
					"DEBUG=1",
					"$(inherited)",
				);
				GCC_WARN_64_TO_32_BIT_CONVERSION = YES;
				GCC_WARN_ABOUT_RETURN_TYPE = YES_ERROR;
				GCC_WARN_UNDECLARED_SELECTOR = YES;
				GCC_WARN_UNINITIALIZED_AUTOS = YES_AGGRESSIVE;
				GCC_WARN_UNUSED_FUNCTION = YES;
				GCC_WARN_UNUSED_VARIABLE = YES;
				IPHONEOS_DEPLOYMENT_TARGET = 17.0;
				LOCALIZATION_PREFERS_STRING_CATALOGS = YES;
				MTL_ENABLE_DEBUG_INFO = INCLUDE_SOURCE;
				MTL_FAST_MATH = YES;
				ONLY_ACTIVE_ARCH = YES;
				SDKROOT = iphoneos;
				SWIFT_ACTIVE_COMPILATION_CONDITIONS = "DEBUG $(inherited)";
				SWIFT_OPTIMIZATION_LEVEL = "-Onone";
			};
			name = Debug;
		};
		DF2FD1C52ADFABC300CB61C3 /* Release */ = {
			isa = XCBuildConfiguration;
			buildSettings = {
				ALWAYS_SEARCH_USER_PATHS = NO;
				ASSETCATALOG_COMPILER_GENERATE_SWIFT_ASSET_SYMBOL_EXTENSIONS = YES;
				CLANG_ANALYZER_NONNULL = YES;
				CLANG_ANALYZER_NUMBER_OBJECT_CONVERSION = YES_AGGRESSIVE;
				CLANG_CXX_LANGUAGE_STANDARD = "gnu++20";
				CLANG_ENABLE_MODULES = YES;
				CLANG_ENABLE_OBJC_ARC = YES;
				CLANG_ENABLE_OBJC_WEAK = YES;
				CLANG_WARN_BLOCK_CAPTURE_AUTORELEASING = YES;
				CLANG_WARN_BOOL_CONVERSION = YES;
				CLANG_WARN_COMMA = YES;
				CLANG_WARN_CONSTANT_CONVERSION = YES;
				CLANG_WARN_DEPRECATED_OBJC_IMPLEMENTATIONS = YES;
				CLANG_WARN_DIRECT_OBJC_ISA_USAGE = YES_ERROR;
				CLANG_WARN_DOCUMENTATION_COMMENTS = YES;
				CLANG_WARN_EMPTY_BODY = YES;
				CLANG_WARN_ENUM_CONVERSION = YES;
				CLANG_WARN_INFINITE_RECURSION = YES;
				CLANG_WARN_INT_CONVERSION = YES;
				CLANG_WARN_NON_LITERAL_NULL_CONVERSION = YES;
				CLANG_WARN_OBJC_IMPLICIT_RETAIN_SELF = YES;
				CLANG_WARN_OBJC_LITERAL_CONVERSION = YES;
				CLANG_WARN_OBJC_ROOT_CLASS = YES_ERROR;
				CLANG_WARN_QUOTED_INCLUDE_IN_FRAMEWORK_HEADER = YES;
				CLANG_WARN_RANGE_LOOP_ANALYSIS = YES;
				CLANG_WARN_STRICT_PROTOTYPES = YES;
				CLANG_WARN_SUSPICIOUS_MOVE = YES;
				CLANG_WARN_UNGUARDED_AVAILABILITY = YES_AGGRESSIVE;
				CLANG_WARN_UNREACHABLE_CODE = YES;
				CLANG_WARN__DUPLICATE_METHOD_MATCH = YES;
				COPY_PHASE_STRIP = NO;
				DEBUG_INFORMATION_FORMAT = "dwarf-with-dsym";
				ENABLE_NS_ASSERTIONS = NO;
				ENABLE_STRICT_OBJC_MSGSEND = YES;
				ENABLE_USER_SCRIPT_SANDBOXING = YES;
				GCC_C_LANGUAGE_STANDARD = gnu17;
				GCC_NO_COMMON_BLOCKS = YES;
				GCC_WARN_64_TO_32_BIT_CONVERSION = YES;
				GCC_WARN_ABOUT_RETURN_TYPE = YES_ERROR;
				GCC_WARN_UNDECLARED_SELECTOR = YES;
				GCC_WARN_UNINITIALIZED_AUTOS = YES_AGGRESSIVE;
				GCC_WARN_UNUSED_FUNCTION = YES;
				GCC_WARN_UNUSED_VARIABLE = YES;
				IPHONEOS_DEPLOYMENT_TARGET = 17.0;
				LOCALIZATION_PREFERS_STRING_CATALOGS = YES;
				MTL_ENABLE_DEBUG_INFO = NO;
				MTL_FAST_MATH = YES;
				SDKROOT = iphoneos;
				SWIFT_COMPILATION_MODE = wholemodule;
				VALIDATE_PRODUCT = YES;
			};
			name = Release;
		};
		DF2FD1C72ADFABC300CB61C3 /* Debug */ = {
			isa = XCBuildConfiguration;
			buildSettings = {
				ASSETCATALOG_COMPILER_APPICON_NAME = AppIcon;
				ASSETCATALOG_COMPILER_GLOBAL_ACCENT_COLOR_NAME = AccentColor;
				CODE_SIGN_STYLE = Automatic;
				CURRENT_PROJECT_VERSION = 1;
				DEVELOPMENT_ASSET_PATHS = "\"PhoneNumber/Preview Content\"";
				DEVELOPMENT_TEAM = W7BYX69QC3;
				ENABLE_PREVIEWS = YES;
				GENERATE_INFOPLIST_FILE = YES;
				INFOPLIST_KEY_UIApplicationSceneManifest_Generation = YES;
				INFOPLIST_KEY_UIApplicationSupportsIndirectInputEvents = YES;
				INFOPLIST_KEY_UILaunchScreen_Generation = YES;
				INFOPLIST_KEY_UISupportedInterfaceOrientations_iPad = "UIInterfaceOrientationPortrait UIInterfaceOrientationPortraitUpsideDown UIInterfaceOrientationLandscapeLeft UIInterfaceOrientationLandscapeRight";
				INFOPLIST_KEY_UISupportedInterfaceOrientations_iPhone = "UIInterfaceOrientationPortrait UIInterfaceOrientationLandscapeLeft UIInterfaceOrientationLandscapeRight";
				IPHONEOS_DEPLOYMENT_TARGET = 16.2;
				LD_RUNPATH_SEARCH_PATHS = (
					"$(inherited)",
					"@executable_path/Frameworks",
				);
				MARKETING_VERSION = 1.0;
				PRODUCT_BUNDLE_IDENTIFIER = com.PhoneNumber;
				PRODUCT_NAME = "$(TARGET_NAME)";
				SWIFT_EMIT_LOC_STRINGS = YES;
				SWIFT_VERSION = 5.0;
				TARGETED_DEVICE_FAMILY = "1,2";
			};
			name = Debug;
		};
		DF2FD1C82ADFABC300CB61C3 /* Release */ = {
			isa = XCBuildConfiguration;
			buildSettings = {
				ASSETCATALOG_COMPILER_APPICON_NAME = AppIcon;
				ASSETCATALOG_COMPILER_GLOBAL_ACCENT_COLOR_NAME = AccentColor;
				CODE_SIGN_STYLE = Automatic;
				CURRENT_PROJECT_VERSION = 1;
				DEVELOPMENT_ASSET_PATHS = "\"PhoneNumber/Preview Content\"";
				DEVELOPMENT_TEAM = W7BYX69QC3;
				ENABLE_PREVIEWS = YES;
				GENERATE_INFOPLIST_FILE = YES;
				INFOPLIST_KEY_UIApplicationSceneManifest_Generation = YES;
				INFOPLIST_KEY_UIApplicationSupportsIndirectInputEvents = YES;
				INFOPLIST_KEY_UILaunchScreen_Generation = YES;
				INFOPLIST_KEY_UISupportedInterfaceOrientations_iPad = "UIInterfaceOrientationPortrait UIInterfaceOrientationPortraitUpsideDown UIInterfaceOrientationLandscapeLeft UIInterfaceOrientationLandscapeRight";
				INFOPLIST_KEY_UISupportedInterfaceOrientations_iPhone = "UIInterfaceOrientationPortrait UIInterfaceOrientationLandscapeLeft UIInterfaceOrientationLandscapeRight";
				IPHONEOS_DEPLOYMENT_TARGET = 16.2;
				LD_RUNPATH_SEARCH_PATHS = (
					"$(inherited)",
					"@executable_path/Frameworks",
				);
				MARKETING_VERSION = 1.0;
				PRODUCT_BUNDLE_IDENTIFIER = com.PhoneNumber;
				PRODUCT_NAME = "$(TARGET_NAME)";
				SWIFT_EMIT_LOC_STRINGS = YES;
				SWIFT_VERSION = 5.0;
				TARGETED_DEVICE_FAMILY = "1,2";
			};
			name = Release;
		};
		DF2FD1CA2ADFABC300CB61C3 /* Debug */ = {
			isa = XCBuildConfiguration;
			buildSettings = {
				ALWAYS_EMBED_SWIFT_STANDARD_LIBRARIES = YES;
				BUNDLE_LOADER = "$(TEST_HOST)";
				CODE_SIGN_STYLE = Automatic;
				CURRENT_PROJECT_VERSION = 1;
				DEVELOPMENT_TEAM = W7BYX69QC3;
				GENERATE_INFOPLIST_FILE = YES;
				IPHONEOS_DEPLOYMENT_TARGET = 17.0;
				MARKETING_VERSION = 1.0;
				PRODUCT_BUNDLE_IDENTIFIER = com.PhoneNumberTests;
				PRODUCT_NAME = "$(TARGET_NAME)";
				SWIFT_EMIT_LOC_STRINGS = NO;
				SWIFT_VERSION = 5.0;
				TARGETED_DEVICE_FAMILY = "1,2";
				TEST_HOST = "$(BUILT_PRODUCTS_DIR)/PhoneNumber.app/$(BUNDLE_EXECUTABLE_FOLDER_PATH)/PhoneNumber";
			};
			name = Debug;
		};
		DF2FD1CB2ADFABC300CB61C3 /* Release */ = {
			isa = XCBuildConfiguration;
			buildSettings = {
				ALWAYS_EMBED_SWIFT_STANDARD_LIBRARIES = YES;
				BUNDLE_LOADER = "$(TEST_HOST)";
				CODE_SIGN_STYLE = Automatic;
				CURRENT_PROJECT_VERSION = 1;
				DEVELOPMENT_TEAM = W7BYX69QC3;
				GENERATE_INFOPLIST_FILE = YES;
				IPHONEOS_DEPLOYMENT_TARGET = 17.0;
				MARKETING_VERSION = 1.0;
				PRODUCT_BUNDLE_IDENTIFIER = com.PhoneNumberTests;
				PRODUCT_NAME = "$(TARGET_NAME)";
				SWIFT_EMIT_LOC_STRINGS = NO;
				SWIFT_VERSION = 5.0;
				TARGETED_DEVICE_FAMILY = "1,2";
				TEST_HOST = "$(BUILT_PRODUCTS_DIR)/PhoneNumber.app/$(BUNDLE_EXECUTABLE_FOLDER_PATH)/PhoneNumber";
			};
			name = Release;
		};
		DF2FD1CD2ADFABC300CB61C3 /* Debug */ = {
			isa = XCBuildConfiguration;
			buildSettings = {
				ALWAYS_EMBED_SWIFT_STANDARD_LIBRARIES = YES;
				CODE_SIGN_STYLE = Automatic;
				CURRENT_PROJECT_VERSION = 1;
				DEVELOPMENT_TEAM = W7BYX69QC3;
				GENERATE_INFOPLIST_FILE = YES;
				MARKETING_VERSION = 1.0;
				PRODUCT_BUNDLE_IDENTIFIER = com.PhoneNumberUITests;
				PRODUCT_NAME = "$(TARGET_NAME)";
				SWIFT_EMIT_LOC_STRINGS = NO;
				SWIFT_VERSION = 5.0;
				TARGETED_DEVICE_FAMILY = "1,2";
				TEST_TARGET_NAME = PhoneNumber;
			};
			name = Debug;
		};
		DF2FD1CE2ADFABC300CB61C3 /* Release */ = {
			isa = XCBuildConfiguration;
			buildSettings = {
				ALWAYS_EMBED_SWIFT_STANDARD_LIBRARIES = YES;
				CODE_SIGN_STYLE = Automatic;
				CURRENT_PROJECT_VERSION = 1;
				DEVELOPMENT_TEAM = W7BYX69QC3;
				GENERATE_INFOPLIST_FILE = YES;
				MARKETING_VERSION = 1.0;
				PRODUCT_BUNDLE_IDENTIFIER = com.PhoneNumberUITests;
				PRODUCT_NAME = "$(TARGET_NAME)";
				SWIFT_EMIT_LOC_STRINGS = NO;
				SWIFT_VERSION = 5.0;
				TARGETED_DEVICE_FAMILY = "1,2";
				TEST_TARGET_NAME = PhoneNumber;
			};
			name = Release;
		};
/* End XCBuildConfiguration section */

/* Begin XCConfigurationList section */
		DF2FD19D2ADFABC000CB61C3 /* Build configuration list for PBXProject "PhoneNumber" */ = {
			isa = XCConfigurationList;
			buildConfigurations = (
				DF2FD1C42ADFABC300CB61C3 /* Debug */,
				DF2FD1C52ADFABC300CB61C3 /* Release */,
			);
			defaultConfigurationIsVisible = 0;
			defaultConfigurationName = Release;
		};
		DF2FD1C62ADFABC300CB61C3 /* Build configuration list for PBXNativeTarget "PhoneNumber" */ = {
			isa = XCConfigurationList;
			buildConfigurations = (
				DF2FD1C72ADFABC300CB61C3 /* Debug */,
				DF2FD1C82ADFABC300CB61C3 /* Release */,
			);
			defaultConfigurationIsVisible = 0;
			defaultConfigurationName = Release;
		};
		DF2FD1C92ADFABC300CB61C3 /* Build configuration list for PBXNativeTarget "PhoneNumberTests" */ = {
			isa = XCConfigurationList;
			buildConfigurations = (
				DF2FD1CA2ADFABC300CB61C3 /* Debug */,
				DF2FD1CB2ADFABC300CB61C3 /* Release */,
			);
			defaultConfigurationIsVisible = 0;
			defaultConfigurationName = Release;
		};
		DF2FD1CC2ADFABC300CB61C3 /* Build configuration list for PBXNativeTarget "PhoneNumberUITests" */ = {
			isa = XCConfigurationList;
			buildConfigurations = (
				DF2FD1CD2ADFABC300CB61C3 /* Debug */,
				DF2FD1CE2ADFABC300CB61C3 /* Release */,
			);
			defaultConfigurationIsVisible = 0;
			defaultConfigurationName = Release;
		};
/* End XCConfigurationList section */
	};
	rootObject = DF2FD19A2ADFABC000CB61C3 /* Project object */;
}
