// !$*UTF8*$!
{
	archiveVersion = 1;
	classes = {
	};
	objectVersion = 56;
	objects = {

/* Begin PBXBuildFile section */
		259D009961EAFBE809EBEB89 /* Pods_MisDonaciones.framework in Frameworks */ = {isa = PBXBuildFile; fileRef = AD44AE8CE300957DECF5CDF0 /* Pods_MisDonaciones.framework */; };
		690A4F1C2AFB7C2B00B807C6 /* ContentView.swift in Sources */ = {isa = PBXBuildFile; fileRef = 690A4F1B2AFB7C2B00B807C6 /* ContentView.swift */; };
		690A4F1E2AFB7EAA00B807C6 /* HomeView.swift in Sources */ = {isa = PBXBuildFile; fileRef = 690A4F1D2AFB7EAA00B807C6 /* HomeView.swift */; };
		69B969762AFAFBF200886BB4 /* MisDonacionesApp.swift in Sources */ = {isa = PBXBuildFile; fileRef = 69B969752AFAFBF200886BB4 /* MisDonacionesApp.swift */; };
		69B969782AFAFBF200886BB4 /* TweetView.swift in Sources */ = {isa = PBXBuildFile; fileRef = 69B969772AFAFBF200886BB4 /* TweetView.swift */; };
		69B9697A2AFAFBF400886BB4 /* Assets.xcassets in Resources */ = {isa = PBXBuildFile; fileRef = 69B969792AFAFBF400886BB4 /* Assets.xcassets */; };
		69B9697D2AFAFBF400886BB4 /* Preview Assets.xcassets in Resources */ = {isa = PBXBuildFile; fileRef = 69B9697C2AFAFBF400886BB4 /* Preview Assets.xcassets */; };
		69BB765A2AFC55E1005170E8 /* SideMenu.swift in Sources */ = {isa = PBXBuildFile; fileRef = 69BB76592AFC55E1005170E8 /* SideMenu.swift */; };
/* End PBXBuildFile section */

/* Begin PBXFileReference section */
		690A4F1B2AFB7C2B00B807C6 /* ContentView.swift */ = {isa = PBXFileReference; lastKnownFileType = sourcecode.swift; path = ContentView.swift; sourceTree = SOURCE_ROOT; };
		690A4F1D2AFB7EAA00B807C6 /* HomeView.swift */ = {isa = PBXFileReference; lastKnownFileType = sourcecode.swift; path = HomeView.swift; sourceTree = "<group>"; };
		69B969722AFAFBF200886BB4 /* MisDonaciones.app */ = {isa = PBXFileReference; explicitFileType = wrapper.application; includeInIndex = 0; path = MisDonaciones.app; sourceTree = BUILT_PRODUCTS_DIR; };
		69B969752AFAFBF200886BB4 /* MisDonacionesApp.swift */ = {isa = PBXFileReference; lastKnownFileType = sourcecode.swift; path = MisDonacionesApp.swift; sourceTree = "<group>"; };
		69B969772AFAFBF200886BB4 /* TweetView.swift */ = {isa = PBXFileReference; lastKnownFileType = sourcecode.swift; path = TweetView.swift; sourceTree = "<group>"; };
		69B969792AFAFBF400886BB4 /* Assets.xcassets */ = {isa = PBXFileReference; lastKnownFileType = folder.assetcatalog; path = Assets.xcassets; sourceTree = "<group>"; };
		69B9697C2AFAFBF400886BB4 /* Preview Assets.xcassets */ = {isa = PBXFileReference; lastKnownFileType = folder.assetcatalog; path = "Preview Assets.xcassets"; sourceTree = "<group>"; };
		69BB76592AFC55E1005170E8 /* SideMenu.swift */ = {isa = PBXFileReference; lastKnownFileType = sourcecode.swift; path = SideMenu.swift; sourceTree = "<group>"; };
		869CD28D4FB0E923200E9DB4 /* Pods-MisDonaciones.release.xcconfig */ = {isa = PBXFileReference; includeInIndex = 1; lastKnownFileType = text.xcconfig; name = "Pods-MisDonaciones.release.xcconfig"; path = "Target Support Files/Pods-MisDonaciones/Pods-MisDonaciones.release.xcconfig"; sourceTree = "<group>"; };
		AD44AE8CE300957DECF5CDF0 /* Pods_MisDonaciones.framework */ = {isa = PBXFileReference; explicitFileType = wrapper.framework; includeInIndex = 0; path = Pods_MisDonaciones.framework; sourceTree = BUILT_PRODUCTS_DIR; };
		E832118022757D10363DBCB5 /* Pods-MisDonaciones.debug.xcconfig */ = {isa = PBXFileReference; includeInIndex = 1; lastKnownFileType = text.xcconfig; name = "Pods-MisDonaciones.debug.xcconfig"; path = "Target Support Files/Pods-MisDonaciones/Pods-MisDonaciones.debug.xcconfig"; sourceTree = "<group>"; };
/* End PBXFileReference section */

/* Begin PBXFrameworksBuildPhase section */
		69B9696F2AFAFBF200886BB4 /* Frameworks */ = {
			isa = PBXFrameworksBuildPhase;
			buildActionMask = 2147483647;
			files = (
				259D009961EAFBE809EBEB89 /* Pods_MisDonaciones.framework in Frameworks */,
			);
			runOnlyForDeploymentPostprocessing = 0;
		};
/* End PBXFrameworksBuildPhase section */

/* Begin PBXGroup section */
		39560FEE419437F8A3524965 /* Frameworks */ = {
			isa = PBXGroup;
			children = (
				AD44AE8CE300957DECF5CDF0 /* Pods_MisDonaciones.framework */,
			);
			name = Frameworks;
			sourceTree = "<group>";
		};
		69B969692AFAFBF200886BB4 = {
			isa = PBXGroup;
			children = (
				69B969742AFAFBF200886BB4 /* MisDonaciones */,
				69B969732AFAFBF200886BB4 /* Products */,
				844405400D449B428A7AC072 /* Pods */,
				39560FEE419437F8A3524965 /* Frameworks */,
			);
			sourceTree = "<group>";
		};
		69B969732AFAFBF200886BB4 /* Products */ = {
			isa = PBXGroup;
			children = (
				69B969722AFAFBF200886BB4 /* MisDonaciones.app */,
			);
			name = Products;
			sourceTree = "<group>";
		};
		69B969742AFAFBF200886BB4 /* MisDonaciones */ = {
			isa = PBXGroup;
			children = (
				69B969752AFAFBF200886BB4 /* MisDonacionesApp.swift */,
				69B969772AFAFBF200886BB4 /* TweetView.swift */,
				690A4F1B2AFB7C2B00B807C6 /* ContentView.swift */,
				69BB76592AFC55E1005170E8 /* SideMenu.swift */,
				690A4F1D2AFB7EAA00B807C6 /* HomeView.swift */,
				69B969792AFAFBF400886BB4 /* Assets.xcassets */,
				69B9697B2AFAFBF400886BB4 /* Preview Content */,
			);
			path = MisDonaciones;
			sourceTree = "<group>";
		};
		69B9697B2AFAFBF400886BB4 /* Preview Content */ = {
			isa = PBXGroup;
			children = (
				69B9697C2AFAFBF400886BB4 /* Preview Assets.xcassets */,
			);
			path = "Preview Content";
			sourceTree = "<group>";
		};
		844405400D449B428A7AC072 /* Pods */ = {
			isa = PBXGroup;
			children = (
				E832118022757D10363DBCB5 /* Pods-MisDonaciones.debug.xcconfig */,
				869CD28D4FB0E923200E9DB4 /* Pods-MisDonaciones.release.xcconfig */,
			);
			path = Pods;
			sourceTree = "<group>";
		};
/* End PBXGroup section */

/* Begin PBXNativeTarget section */
		69B969712AFAFBF200886BB4 /* MisDonaciones */ = {
			isa = PBXNativeTarget;
			buildConfigurationList = 69B969802AFAFBF400886BB4 /* Build configuration list for PBXNativeTarget "MisDonaciones" */;
			buildPhases = (
				3949BE4A900C4E8F8BD15C93 /* [CP] Check Pods Manifest.lock */,
				69B9696E2AFAFBF200886BB4 /* Sources */,
				69B9696F2AFAFBF200886BB4 /* Frameworks */,
				69B969702AFAFBF200886BB4 /* Resources */,
				D2785209C6C57B59A9508947 /* [CP] Embed Pods Frameworks */,
			);
			buildRules = (
			);
			dependencies = (
			);
			name = MisDonaciones;
			productName = MisDonaciones;
			productReference = 69B969722AFAFBF200886BB4 /* MisDonaciones.app */;
			productType = "com.apple.product-type.application";
		};
/* End PBXNativeTarget section */

/* Begin PBXProject section */
		69B9696A2AFAFBF200886BB4 /* Project object */ = {
			isa = PBXProject;
			attributes = {
				BuildIndependentTargetsInParallel = 1;
				LastSwiftUpdateCheck = 1500;
				LastUpgradeCheck = 1500;
				TargetAttributes = {
					69B969712AFAFBF200886BB4 = {
						CreatedOnToolsVersion = 15.0.1;
					};
				};
			};
			buildConfigurationList = 69B9696D2AFAFBF200886BB4 /* Build configuration list for PBXProject "MisDonaciones" */;
			compatibilityVersion = "Xcode 14.0";
			developmentRegion = en;
			hasScannedForEncodings = 0;
			knownRegions = (
				en,
				Base,
			);
			mainGroup = 69B969692AFAFBF200886BB4;
			productRefGroup = 69B969732AFAFBF200886BB4 /* Products */;
			projectDirPath = "";
			projectRoot = "";
			targets = (
				69B969712AFAFBF200886BB4 /* MisDonaciones */,
			);
		};
/* End PBXProject section */

/* Begin PBXResourcesBuildPhase section */
		69B969702AFAFBF200886BB4 /* Resources */ = {
			isa = PBXResourcesBuildPhase;
			buildActionMask = 2147483647;
			files = (
				69B9697D2AFAFBF400886BB4 /* Preview Assets.xcassets in Resources */,
				69B9697A2AFAFBF400886BB4 /* Assets.xcassets in Resources */,
			);
			runOnlyForDeploymentPostprocessing = 0;
		};
/* End PBXResourcesBuildPhase section */

/* Begin PBXShellScriptBuildPhase section */
		3949BE4A900C4E8F8BD15C93 /* [CP] Check Pods Manifest.lock */ = {
			isa = PBXShellScriptBuildPhase;
			buildActionMask = 2147483647;
			files = (
			);
			inputFileListPaths = (
			);
			inputPaths = (
				"${PODS_PODFILE_DIR_PATH}/Podfile.lock",
				"${PODS_ROOT}/Manifest.lock",
			);
			name = "[CP] Check Pods Manifest.lock";
			outputFileListPaths = (
			);
			outputPaths = (
				"$(DERIVED_FILE_DIR)/Pods-MisDonaciones-checkManifestLockResult.txt",
			);
			runOnlyForDeploymentPostprocessing = 0;
			shellPath = /bin/sh;
			shellScript = "diff \"${PODS_PODFILE_DIR_PATH}/Podfile.lock\" \"${PODS_ROOT}/Manifest.lock\" > /dev/null\nif [ $? != 0 ] ; then\n    # print error to STDERR\n    echo \"error: The sandbox is not in sync with the Podfile.lock. Run 'pod install' or update your CocoaPods installation.\" >&2\n    exit 1\nfi\n# This output is used by Xcode 'outputs' to avoid re-running this script phase.\necho \"SUCCESS\" > \"${SCRIPT_OUTPUT_FILE_0}\"\n";
			showEnvVarsInLog = 0;
		};
		D2785209C6C57B59A9508947 /* [CP] Embed Pods Frameworks */ = {
			isa = PBXShellScriptBuildPhase;
			buildActionMask = 2147483647;
			files = (
			);
			inputFileListPaths = (
				"${PODS_ROOT}/Target Support Files/Pods-MisDonaciones/Pods-MisDonaciones-frameworks-${CONFIGURATION}-input-files.xcfilelist",
			);
			name = "[CP] Embed Pods Frameworks";
			outputFileListPaths = (
				"${PODS_ROOT}/Target Support Files/Pods-MisDonaciones/Pods-MisDonaciones-frameworks-${CONFIGURATION}-output-files.xcfilelist",
			);
			runOnlyForDeploymentPostprocessing = 0;
			shellPath = /bin/sh;
			shellScript = "\"${PODS_ROOT}/Target Support Files/Pods-MisDonaciones/Pods-MisDonaciones-frameworks.sh\"\n";
			showEnvVarsInLog = 0;
		};
/* End PBXShellScriptBuildPhase section */

/* Begin PBXSourcesBuildPhase section */
		69B9696E2AFAFBF200886BB4 /* Sources */ = {
			isa = PBXSourcesBuildPhase;
			buildActionMask = 2147483647;
			files = (
				69B969782AFAFBF200886BB4 /* TweetView.swift in Sources */,
				690A4F1E2AFB7EAA00B807C6 /* HomeView.swift in Sources */,
				69BB765A2AFC55E1005170E8 /* SideMenu.swift in Sources */,
				69B969762AFAFBF200886BB4 /* MisDonacionesApp.swift in Sources */,
				690A4F1C2AFB7C2B00B807C6 /* ContentView.swift in Sources */,
			);
			runOnlyForDeploymentPostprocessing = 0;
		};
/* End PBXSourcesBuildPhase section */

/* Begin XCBuildConfiguration section */
		69B9697E2AFAFBF400886BB4 /* Debug */ = {
			isa = XCBuildConfiguration;
			buildSettings = {
				ALWAYS_SEARCH_USER_PATHS = NO;
				ASSETCATALOG_COMPILER_GENERATE_SWIFT_ASSET_SYMBOL_EXTENSIONS = YES;
				CLANG_ANALYZER_NONNULL = YES;
				CLANG_ANALYZER_NUMBER_OBJECT_CONVERSION = YES_AGGRESSIVE;
				CLANG_CXX_LANGUAGE_STANDARD = "gnu++20";
				CLANG_ENABLE_MODULES = YES;
				CLANG_ENABLE_OBJC_ARC = YES;
				CLANG_ENABLE_OBJC_WEAK = YES;
				CLANG_WARN_BLOCK_CAPTURE_AUTORELEASING = YES;
				CLANG_WARN_BOOL_CONVERSION = YES;
				CLANG_WARN_COMMA = YES;
				CLANG_WARN_CONSTANT_CONVERSION = YES;
				CLANG_WARN_DEPRECATED_OBJC_IMPLEMENTATIONS = YES;
				CLANG_WARN_DIRECT_OBJC_ISA_USAGE = YES_ERROR;
				CLANG_WARN_DOCUMENTATION_COMMENTS = YES;
				CLANG_WARN_EMPTY_BODY = YES;
				CLANG_WARN_ENUM_CONVERSION = YES;
				CLANG_WARN_INFINITE_RECURSION = YES;
				CLANG_WARN_INT_CONVERSION = YES;
				CLANG_WARN_NON_LITERAL_NULL_CONVERSION = YES;
				CLANG_WARN_OBJC_IMPLICIT_RETAIN_SELF = YES;
				CLANG_WARN_OBJC_LITERAL_CONVERSION = YES;
				CLANG_WARN_OBJC_ROOT_CLASS = YES_ERROR;
				CLANG_WARN_QUOTED_INCLUDE_IN_FRAMEWORK_HEADER = YES;
				CLANG_WARN_RANGE_LOOP_ANALYSIS = YES;
				CLANG_WARN_STRICT_PROTOTYPES = YES;
				CLANG_WARN_SUSPICIOUS_MOVE = YES;
				CLANG_WARN_UNGUARDED_AVAILABILITY = YES_AGGRESSIVE;
				CLANG_WARN_UNREACHABLE_CODE = YES;
				CLANG_WARN__DUPLICATE_METHOD_MATCH = YES;
				COPY_PHASE_STRIP = NO;
				DEBUG_INFORMATION_FORMAT = dwarf;
				ENABLE_STRICT_OBJC_MSGSEND = YES;
				ENABLE_TESTABILITY = YES;
				ENABLE_USER_SCRIPT_SANDBOXING = YES;
				GCC_C_LANGUAGE_STANDARD = gnu17;
				GCC_DYNAMIC_NO_PIC = NO;
				GCC_NO_COMMON_BLOCKS = YES;
				GCC_OPTIMIZATION_LEVEL = 0;
				GCC_PREPROCESSOR_DEFINITIONS = (
					"DEBUG=1",
					"$(inherited)",
				);
				GCC_WARN_64_TO_32_BIT_CONVERSION = YES;
				GCC_WARN_ABOUT_RETURN_TYPE = YES_ERROR;
				GCC_WARN_UNDECLARED_SELECTOR = YES;
				GCC_WARN_UNINITIALIZED_AUTOS = YES_AGGRESSIVE;
				GCC_WARN_UNUSED_FUNCTION = YES;
				GCC_WARN_UNUSED_VARIABLE = YES;
				IPHONEOS_DEPLOYMENT_TARGET = 17.0;
				LOCALIZATION_PREFERS_STRING_CATALOGS = YES;
				MTL_ENABLE_DEBUG_INFO = INCLUDE_SOURCE;
				MTL_FAST_MATH = YES;
				ONLY_ACTIVE_ARCH = YES;
				SDKROOT = iphoneos;
				SWIFT_ACTIVE_COMPILATION_CONDITIONS = "DEBUG $(inherited)";
				SWIFT_OPTIMIZATION_LEVEL = "-Onone";
			};
			name = Debug;
		};
		69B9697F2AFAFBF400886BB4 /* Release */ = {
			isa = XCBuildConfiguration;
			buildSettings = {
				ALWAYS_SEARCH_USER_PATHS = NO;
				ASSETCATALOG_COMPILER_GENERATE_SWIFT_ASSET_SYMBOL_EXTENSIONS = YES;
				CLANG_ANALYZER_NONNULL = YES;
				CLANG_ANALYZER_NUMBER_OBJECT_CONVERSION = YES_AGGRESSIVE;
				CLANG_CXX_LANGUAGE_STANDARD = "gnu++20";
				CLANG_ENABLE_MODULES = YES;
				CLANG_ENABLE_OBJC_ARC = YES;
				CLANG_ENABLE_OBJC_WEAK = YES;
				CLANG_WARN_BLOCK_CAPTURE_AUTORELEASING = YES;
				CLANG_WARN_BOOL_CONVERSION = YES;
				CLANG_WARN_COMMA = YES;
				CLANG_WARN_CONSTANT_CONVERSION = YES;
				CLANG_WARN_DEPRECATED_OBJC_IMPLEMENTATIONS = YES;
				CLANG_WARN_DIRECT_OBJC_ISA_USAGE = YES_ERROR;
				CLANG_WARN_DOCUMENTATION_COMMENTS = YES;
				CLANG_WARN_EMPTY_BODY = YES;
				CLANG_WARN_ENUM_CONVERSION = YES;
				CLANG_WARN_INFINITE_RECURSION = YES;
				CLANG_WARN_INT_CONVERSION = YES;
				CLANG_WARN_NON_LITERAL_NULL_CONVERSION = YES;
				CLANG_WARN_OBJC_IMPLICIT_RETAIN_SELF = YES;
				CLANG_WARN_OBJC_LITERAL_CONVERSION = YES;
				CLANG_WARN_OBJC_ROOT_CLASS = YES_ERROR;
				CLANG_WARN_QUOTED_INCLUDE_IN_FRAMEWORK_HEADER = YES;
				CLANG_WARN_RANGE_LOOP_ANALYSIS = YES;
				CLANG_WARN_STRICT_PROTOTYPES = YES;
				CLANG_WARN_SUSPICIOUS_MOVE = YES;
				CLANG_WARN_UNGUARDED_AVAILABILITY = YES_AGGRESSIVE;
				CLANG_WARN_UNREACHABLE_CODE = YES;
				CLANG_WARN__DUPLICATE_METHOD_MATCH = YES;
				COPY_PHASE_STRIP = NO;
				DEBUG_INFORMATION_FORMAT = "dwarf-with-dsym";
				ENABLE_NS_ASSERTIONS = NO;
				ENABLE_STRICT_OBJC_MSGSEND = YES;
				ENABLE_USER_SCRIPT_SANDBOXING = YES;
				GCC_C_LANGUAGE_STANDARD = gnu17;
				GCC_NO_COMMON_BLOCKS = YES;
				GCC_WARN_64_TO_32_BIT_CONVERSION = YES;
				GCC_WARN_ABOUT_RETURN_TYPE = YES_ERROR;
				GCC_WARN_UNDECLARED_SELECTOR = YES;
				GCC_WARN_UNINITIALIZED_AUTOS = YES_AGGRESSIVE;
				GCC_WARN_UNUSED_FUNCTION = YES;
				GCC_WARN_UNUSED_VARIABLE = YES;
				IPHONEOS_DEPLOYMENT_TARGET = 17.0;
				LOCALIZATION_PREFERS_STRING_CATALOGS = YES;
				MTL_ENABLE_DEBUG_INFO = NO;
				MTL_FAST_MATH = YES;
				SDKROOT = iphoneos;
				SWIFT_COMPILATION_MODE = wholemodule;
				VALIDATE_PRODUCT = YES;
			};
			name = Release;
		};
		69B969812AFAFBF400886BB4 /* Debug */ = {
			isa = XCBuildConfiguration;
			baseConfigurationReference = E832118022757D10363DBCB5 /* Pods-MisDonaciones.debug.xcconfig */;
			buildSettings = {
				ASSETCATALOG_COMPILER_APPICON_NAME = AppIcon;
				ASSETCATALOG_COMPILER_GLOBAL_ACCENT_COLOR_NAME = AccentColor;
				CODE_SIGN_STYLE = Automatic;
				CURRENT_PROJECT_VERSION = 1;
				DEVELOPMENT_ASSET_PATHS = "\"MisDonaciones/Preview Content\"";
				ENABLE_PREVIEWS = YES;
				GENERATE_INFOPLIST_FILE = YES;
				INFOPLIST_KEY_UIApplicationSceneManifest_Generation = YES;
				INFOPLIST_KEY_UIApplicationSupportsIndirectInputEvents = YES;
				INFOPLIST_KEY_UILaunchScreen_Generation = YES;
				INFOPLIST_KEY_UISupportedInterfaceOrientations_iPad = "UIInterfaceOrientationPortrait UIInterfaceOrientationPortraitUpsideDown UIInterfaceOrientationLandscapeLeft UIInterfaceOrientationLandscapeRight";
				INFOPLIST_KEY_UISupportedInterfaceOrientations_iPhone = "UIInterfaceOrientationPortrait UIInterfaceOrientationLandscapeLeft UIInterfaceOrientationLandscapeRight";
				IPHONEOS_DEPLOYMENT_TARGET = 16.0;
				LD_RUNPATH_SEARCH_PATHS = (
					"$(inherited)",
					"@executable_path/Frameworks",
				);
				MARKETING_VERSION = 1.0;
				PRODUCT_BUNDLE_IDENTIFIER = "Jatziri-Tenorio.MisDonaciones";
				PRODUCT_NAME = "$(TARGET_NAME)";
				SWIFT_EMIT_LOC_STRINGS = YES;
				SWIFT_VERSION = 5.0;
				TARGETED_DEVICE_FAMILY = "1,2";
			};
			name = Debug;
		};
		69B969822AFAFBF400886BB4 /* Release */ = {
			isa = XCBuildConfiguration;
			baseConfigurationReference = 869CD28D4FB0E923200E9DB4 /* Pods-MisDonaciones.release.xcconfig */;
			buildSettings = {
				ASSETCATALOG_COMPILER_APPICON_NAME = AppIcon;
				ASSETCATALOG_COMPILER_GLOBAL_ACCENT_COLOR_NAME = AccentColor;
				CODE_SIGN_STYLE = Automatic;
				CURRENT_PROJECT_VERSION = 1;
				DEVELOPMENT_ASSET_PATHS = "\"MisDonaciones/Preview Content\"";
				ENABLE_PREVIEWS = YES;
				GENERATE_INFOPLIST_FILE = YES;
				INFOPLIST_KEY_UIApplicationSceneManifest_Generation = YES;
				INFOPLIST_KEY_UIApplicationSupportsIndirectInputEvents = YES;
				INFOPLIST_KEY_UILaunchScreen_Generation = YES;
				INFOPLIST_KEY_UISupportedInterfaceOrientations_iPad = "UIInterfaceOrientationPortrait UIInterfaceOrientationPortraitUpsideDown UIInterfaceOrientationLandscapeLeft UIInterfaceOrientationLandscapeRight";
				INFOPLIST_KEY_UISupportedInterfaceOrientations_iPhone = "UIInterfaceOrientationPortrait UIInterfaceOrientationLandscapeLeft UIInterfaceOrientationLandscapeRight";
				IPHONEOS_DEPLOYMENT_TARGET = 16.0;
				LD_RUNPATH_SEARCH_PATHS = (
					"$(inherited)",
					"@executable_path/Frameworks",
				);
				MARKETING_VERSION = 1.0;
				PRODUCT_BUNDLE_IDENTIFIER = "Jatziri-Tenorio.MisDonaciones";
				PRODUCT_NAME = "$(TARGET_NAME)";
				SWIFT_EMIT_LOC_STRINGS = YES;
				SWIFT_VERSION = 5.0;
				TARGETED_DEVICE_FAMILY = "1,2";
			};
			name = Release;
		};
/* End XCBuildConfiguration section */

/* Begin XCConfigurationList section */
		69B9696D2AFAFBF200886BB4 /* Build configuration list for PBXProject "MisDonaciones" */ = {
			isa = XCConfigurationList;
			buildConfigurations = (
				69B9697E2AFAFBF400886BB4 /* Debug */,
				69B9697F2AFAFBF400886BB4 /* Release */,
			);
			defaultConfigurationIsVisible = 0;
			defaultConfigurationName = Release;
		};
		69B969802AFAFBF400886BB4 /* Build configuration list for PBXNativeTarget "MisDonaciones" */ = {
			isa = XCConfigurationList;
			buildConfigurations = (
				69B969812AFAFBF400886BB4 /* Debug */,
				69B969822AFAFBF400886BB4 /* Release */,
			);
			defaultConfigurationIsVisible = 0;
			defaultConfigurationName = Release;
		};
/* End XCConfigurationList section */
	};
	rootObject = 69B9696A2AFAFBF200886BB4 /* Project object */;
}
