// !$*UTF8*$!
{
	archiveVersion = 1;
	classes = {
	};
	objectVersion = 56;
	objects = {

/* Begin PBXBuildFile section */
		EC64C4172AFC15A4006D7B5E /* Calendario.swift in Sources */ = {isa = PBXBuildFile; fileRef = EC64C4162AFC15A4006D7B5E /* Calendario.swift */; };
		EC64C4192AFC1633006D7B5E /* Item.swift in Sources */ = {isa = PBXBuildFile; fileRef = EC64C4182AFC1633006D7B5E /* Item.swift */; };
		EC7D49AF2AFBFFB30075BFDB /* ProyectoVerdeApp.swift in Sources */ = {isa = PBXBuildFile; fileRef = EC7D49AE2AFBFFB30075BFDB /* ProyectoVerdeApp.swift */; };
		EC7D49B12AFBFFB30075BFDB /* ContentView.swift in Sources */ = {isa = PBXBuildFile; fileRef = EC7D49B02AFBFFB30075BFDB /* ContentView.swift */; };
		EC7D49B32AFBFFB40075BFDB /* Assets.xcassets in Resources */ = {isa = PBXBuildFile; fileRef = EC7D49B22AFBFFB40075BFDB /* Assets.xcassets */; };
		EC7D49B62AFBFFB40075BFDB /* Preview Assets.xcassets in Resources */ = {isa = PBXBuildFile; fileRef = EC7D49B52AFBFFB40075BFDB /* Preview Assets.xcassets */; };
		EC7D49B82AFBFFB40075BFDB /* Persistence.swift in Sources */ = {isa = PBXBuildFile; fileRef = EC7D49B72AFBFFB40075BFDB /* Persistence.swift */; };
		EC7D49BB2AFBFFB40075BFDB /* ProyectoVerde.xcdatamodeld in Sources */ = {isa = PBXBuildFile; fileRef = EC7D49B92AFBFFB40075BFDB /* ProyectoVerde.xcdatamodeld */; };
		EC7D49C32AFC03050075BFDB /* GoogleService-Info.plist in Resources */ = {isa = PBXBuildFile; fileRef = EC7D49C22AFC03050075BFDB /* GoogleService-Info.plist */; };
		EC7D49C62AFC0A2D0075BFDB /* FirebaseAnalytics in Frameworks */ = {isa = PBXBuildFile; productRef = EC7D49C52AFC0A2D0075BFDB /* FirebaseAnalytics */; };
		EC7D49C82AFC0A2D0075BFDB /* FirebaseAnalyticsOnDeviceConversion in Frameworks */ = {isa = PBXBuildFile; productRef = EC7D49C72AFC0A2D0075BFDB /* FirebaseAnalyticsOnDeviceConversion */; };
		EC7D49CA2AFC0A2D0075BFDB /* FirebaseAnalyticsSwift in Frameworks */ = {isa = PBXBuildFile; productRef = EC7D49C92AFC0A2D0075BFDB /* FirebaseAnalyticsSwift */; };
		EC7D49CC2AFC0A2D0075BFDB /* FirebaseAnalyticsWithoutAdIdSupport in Frameworks */ = {isa = PBXBuildFile; productRef = EC7D49CB2AFC0A2D0075BFDB /* FirebaseAnalyticsWithoutAdIdSupport */; };
		EC7D49CE2AFC0A2D0075BFDB /* FirebaseAppCheck in Frameworks */ = {isa = PBXBuildFile; productRef = EC7D49CD2AFC0A2D0075BFDB /* FirebaseAppCheck */; };
		EC7D49D02AFC0A2D0075BFDB /* FirebaseAppDistribution-Beta in Frameworks */ = {isa = PBXBuildFile; productRef = EC7D49CF2AFC0A2D0075BFDB /* FirebaseAppDistribution-Beta */; };
		EC7D49D22AFC0A2D0075BFDB /* FirebaseAuth in Frameworks */ = {isa = PBXBuildFile; productRef = EC7D49D12AFC0A2D0075BFDB /* FirebaseAuth */; };
		EC7D49D42AFC0A2D0075BFDB /* FirebaseAuthCombine-Community in Frameworks */ = {isa = PBXBuildFile; productRef = EC7D49D32AFC0A2D0075BFDB /* FirebaseAuthCombine-Community */; };
		EC7D49D62AFC0A2D0075BFDB /* FirebaseCrashlytics in Frameworks */ = {isa = PBXBuildFile; productRef = EC7D49D52AFC0A2D0075BFDB /* FirebaseCrashlytics */; };
		EC7D49D82AFC0A2D0075BFDB /* FirebaseDatabase in Frameworks */ = {isa = PBXBuildFile; productRef = EC7D49D72AFC0A2D0075BFDB /* FirebaseDatabase */; };
		EC7D49DA2AFC0A2D0075BFDB /* FirebaseDatabaseSwift in Frameworks */ = {isa = PBXBuildFile; productRef = EC7D49D92AFC0A2D0075BFDB /* FirebaseDatabaseSwift */; };
		EC7D49DC2AFC0A2D0075BFDB /* FirebaseDynamicLinks in Frameworks */ = {isa = PBXBuildFile; productRef = EC7D49DB2AFC0A2D0075BFDB /* FirebaseDynamicLinks */; };
		EC7D49DE2AFC0A2D0075BFDB /* FirebaseFirestore in Frameworks */ = {isa = PBXBuildFile; productRef = EC7D49DD2AFC0A2D0075BFDB /* FirebaseFirestore */; };
		EC7D49E02AFC0A2D0075BFDB /* FirebaseFirestoreCombine-Community in Frameworks */ = {isa = PBXBuildFile; productRef = EC7D49DF2AFC0A2D0075BFDB /* FirebaseFirestoreCombine-Community */; };
		EC7D49E22AFC0A2D0075BFDB /* FirebaseFirestoreSwift in Frameworks */ = {isa = PBXBuildFile; productRef = EC7D49E12AFC0A2D0075BFDB /* FirebaseFirestoreSwift */; };
		EC7D49E42AFC0A2D0075BFDB /* FirebaseFunctions in Frameworks */ = {isa = PBXBuildFile; productRef = EC7D49E32AFC0A2D0075BFDB /* FirebaseFunctions */; };
		EC7D49E62AFC0A2D0075BFDB /* FirebaseFunctionsCombine-Community in Frameworks */ = {isa = PBXBuildFile; productRef = EC7D49E52AFC0A2D0075BFDB /* FirebaseFunctionsCombine-Community */; };
		EC7D49E82AFC0A2D0075BFDB /* FirebaseInAppMessaging-Beta in Frameworks */ = {isa = PBXBuildFile; productRef = EC7D49E72AFC0A2D0075BFDB /* FirebaseInAppMessaging-Beta */; };
		EC7D49EA2AFC0A2D0075BFDB /* FirebaseInAppMessagingSwift-Beta in Frameworks */ = {isa = PBXBuildFile; productRef = EC7D49E92AFC0A2D0075BFDB /* FirebaseInAppMessagingSwift-Beta */; };
		EC7D49EC2AFC0A2D0075BFDB /* FirebaseInstallations in Frameworks */ = {isa = PBXBuildFile; productRef = EC7D49EB2AFC0A2D0075BFDB /* FirebaseInstallations */; };
		EC7D49EE2AFC0A2D0075BFDB /* FirebaseMLModelDownloader in Frameworks */ = {isa = PBXBuildFile; productRef = EC7D49ED2AFC0A2D0075BFDB /* FirebaseMLModelDownloader */; };
		EC7D49F02AFC0A2D0075BFDB /* FirebaseMessaging in Frameworks */ = {isa = PBXBuildFile; productRef = EC7D49EF2AFC0A2D0075BFDB /* FirebaseMessaging */; };
		EC7D49F22AFC0A2D0075BFDB /* FirebasePerformance in Frameworks */ = {isa = PBXBuildFile; productRef = EC7D49F12AFC0A2D0075BFDB /* FirebasePerformance */; };
		EC7D49F42AFC0A2D0075BFDB /* FirebaseRemoteConfig in Frameworks */ = {isa = PBXBuildFile; productRef = EC7D49F32AFC0A2D0075BFDB /* FirebaseRemoteConfig */; };
		EC7D49F62AFC0A2D0075BFDB /* FirebaseRemoteConfigSwift in Frameworks */ = {isa = PBXBuildFile; productRef = EC7D49F52AFC0A2D0075BFDB /* FirebaseRemoteConfigSwift */; };
		EC7D49F82AFC0A2D0075BFDB /* FirebaseStorage in Frameworks */ = {isa = PBXBuildFile; productRef = EC7D49F72AFC0A2D0075BFDB /* FirebaseStorage */; };
		EC7D49FA2AFC0A2D0075BFDB /* FirebaseStorageCombine-Community in Frameworks */ = {isa = PBXBuildFile; productRef = EC7D49F92AFC0A2D0075BFDB /* FirebaseStorageCombine-Community */; };
		EC7D49FC2AFC0BBF0075BFDB /* LoginViewModel.swift in Sources */ = {isa = PBXBuildFile; fileRef = EC7D49FB2AFC0BBF0075BFDB /* LoginViewModel.swift */; };
		EC7D49FE2AFC0C020075BFDB /* Login.swift in Sources */ = {isa = PBXBuildFile; fileRef = EC7D49FD2AFC0C020075BFDB /* Login.swift */; };
		EC7D4A002AFC0C490075BFDB /* HomePrueba.swift in Sources */ = {isa = PBXBuildFile; fileRef = EC7D49FF2AFC0C490075BFDB /* HomePrueba.swift */; };
		EC7D4A022AFC0C720075BFDB /* LoadingScreen.swift in Sources */ = {isa = PBXBuildFile; fileRef = EC7D4A012AFC0C720075BFDB /* LoadingScreen.swift */; };
/* End PBXBuildFile section */

/* Begin PBXFileReference section */
		EC64C4142AFC1303006D7B5E /* Info.plist */ = {isa = PBXFileReference; lastKnownFileType = text.plist; path = Info.plist; sourceTree = "<group>"; };
		EC64C4162AFC15A4006D7B5E /* Calendario.swift */ = {isa = PBXFileReference; lastKnownFileType = sourcecode.swift; path = Calendario.swift; sourceTree = "<group>"; };
		EC64C4182AFC1633006D7B5E /* Item.swift */ = {isa = PBXFileReference; lastKnownFileType = sourcecode.swift; path = Item.swift; sourceTree = "<group>"; };
		EC7D49AB2AFBFFB30075BFDB /* ProyectoVerde.app */ = {isa = PBXFileReference; explicitFileType = wrapper.application; includeInIndex = 0; path = ProyectoVerde.app; sourceTree = BUILT_PRODUCTS_DIR; };
		EC7D49AE2AFBFFB30075BFDB /* ProyectoVerdeApp.swift */ = {isa = PBXFileReference; lastKnownFileType = sourcecode.swift; path = ProyectoVerdeApp.swift; sourceTree = "<group>"; };
		EC7D49B02AFBFFB30075BFDB /* ContentView.swift */ = {isa = PBXFileReference; lastKnownFileType = sourcecode.swift; path = ContentView.swift; sourceTree = "<group>"; };
		EC7D49B22AFBFFB40075BFDB /* Assets.xcassets */ = {isa = PBXFileReference; lastKnownFileType = folder.assetcatalog; path = Assets.xcassets; sourceTree = "<group>"; };
		EC7D49B52AFBFFB40075BFDB /* Preview Assets.xcassets */ = {isa = PBXFileReference; lastKnownFileType = folder.assetcatalog; path = "Preview Assets.xcassets"; sourceTree = "<group>"; };
		EC7D49B72AFBFFB40075BFDB /* Persistence.swift */ = {isa = PBXFileReference; lastKnownFileType = sourcecode.swift; path = Persistence.swift; sourceTree = "<group>"; };
		EC7D49BA2AFBFFB40075BFDB /* ProyectoVerde.xcdatamodel */ = {isa = PBXFileReference; lastKnownFileType = wrapper.xcdatamodel; path = ProyectoVerde.xcdatamodel; sourceTree = "<group>"; };
		EC7D49C22AFC03050075BFDB /* GoogleService-Info.plist */ = {isa = PBXFileReference; fileEncoding = 4; lastKnownFileType = text.plist.xml; name = "GoogleService-Info.plist"; path = "../../GoogleService-Info.plist"; sourceTree = "<group>"; };
		EC7D49FB2AFC0BBF0075BFDB /* LoginViewModel.swift */ = {isa = PBXFileReference; lastKnownFileType = sourcecode.swift; path = LoginViewModel.swift; sourceTree = "<group>"; };
		EC7D49FD2AFC0C020075BFDB /* Login.swift */ = {isa = PBXFileReference; lastKnownFileType = sourcecode.swift; path = Login.swift; sourceTree = "<group>"; };
		EC7D49FF2AFC0C490075BFDB /* HomePrueba.swift */ = {isa = PBXFileReference; lastKnownFileType = sourcecode.swift; path = HomePrueba.swift; sourceTree = "<group>"; };
		EC7D4A012AFC0C720075BFDB /* LoadingScreen.swift */ = {isa = PBXFileReference; lastKnownFileType = sourcecode.swift; path = LoadingScreen.swift; sourceTree = "<group>"; };
/* End PBXFileReference section */

/* Begin PBXFrameworksBuildPhase section */
		EC7D49A82AFBFFB30075BFDB /* Frameworks */ = {
			isa = PBXFrameworksBuildPhase;
			buildActionMask = 2147483647;
			files = (
				EC7D49D82AFC0A2D0075BFDB /* FirebaseDatabase in Frameworks */,
				EC7D49E62AFC0A2D0075BFDB /* FirebaseFunctionsCombine-Community in Frameworks */,
				EC7D49DE2AFC0A2D0075BFDB /* FirebaseFirestore in Frameworks */,
				EC7D49CA2AFC0A2D0075BFDB /* FirebaseAnalyticsSwift in Frameworks */,
				EC7D49C62AFC0A2D0075BFDB /* FirebaseAnalytics in Frameworks */,
				EC7D49C82AFC0A2D0075BFDB /* FirebaseAnalyticsOnDeviceConversion in Frameworks */,
				EC7D49EE2AFC0A2D0075BFDB /* FirebaseMLModelDownloader in Frameworks */,
				EC7D49E22AFC0A2D0075BFDB /* FirebaseFirestoreSwift in Frameworks */,
				EC7D49CE2AFC0A2D0075BFDB /* FirebaseAppCheck in Frameworks */,
				EC7D49CC2AFC0A2D0075BFDB /* FirebaseAnalyticsWithoutAdIdSupport in Frameworks */,
				EC7D49D22AFC0A2D0075BFDB /* FirebaseAuth in Frameworks */,
				EC7D49D62AFC0A2D0075BFDB /* FirebaseCrashlytics in Frameworks */,
				EC7D49F62AFC0A2D0075BFDB /* FirebaseRemoteConfigSwift in Frameworks */,
				EC7D49E82AFC0A2D0075BFDB /* FirebaseInAppMessaging-Beta in Frameworks */,
				EC7D49DA2AFC0A2D0075BFDB /* FirebaseDatabaseSwift in Frameworks */,
				EC7D49E42AFC0A2D0075BFDB /* FirebaseFunctions in Frameworks */,
				EC7D49FA2AFC0A2D0075BFDB /* FirebaseStorageCombine-Community in Frameworks */,
				EC7D49F42AFC0A2D0075BFDB /* FirebaseRemoteConfig in Frameworks */,
				EC7D49D02AFC0A2D0075BFDB /* FirebaseAppDistribution-Beta in Frameworks */,
				EC7D49D42AFC0A2D0075BFDB /* FirebaseAuthCombine-Community in Frameworks */,
				EC7D49F22AFC0A2D0075BFDB /* FirebasePerformance in Frameworks */,
				EC7D49EA2AFC0A2D0075BFDB /* FirebaseInAppMessagingSwift-Beta in Frameworks */,
				EC7D49F82AFC0A2D0075BFDB /* FirebaseStorage in Frameworks */,
				EC7D49DC2AFC0A2D0075BFDB /* FirebaseDynamicLinks in Frameworks */,
				EC7D49E02AFC0A2D0075BFDB /* FirebaseFirestoreCombine-Community in Frameworks */,
				EC7D49F02AFC0A2D0075BFDB /* FirebaseMessaging in Frameworks */,
				EC7D49EC2AFC0A2D0075BFDB /* FirebaseInstallations in Frameworks */,
			);
			runOnlyForDeploymentPostprocessing = 0;
		};
/* End PBXFrameworksBuildPhase section */

/* Begin PBXGroup section */
		EC64C4152AFC1590006D7B5E /* Calendario */ = {
			isa = PBXGroup;
			children = (
				EC64C4162AFC15A4006D7B5E /* Calendario.swift */,
				EC64C4182AFC1633006D7B5E /* Item.swift */,
			);
			path = Calendario;
			sourceTree = "<group>";
		};
		EC7D49A22AFBFFB30075BFDB = {
			isa = PBXGroup;
			children = (
				EC7D49AD2AFBFFB30075BFDB /* ProyectoVerde */,
				EC7D49AC2AFBFFB30075BFDB /* Products */,
			);
			sourceTree = "<group>";
		};
		EC7D49AC2AFBFFB30075BFDB /* Products */ = {
			isa = PBXGroup;
			children = (
				EC7D49AB2AFBFFB30075BFDB /* ProyectoVerde.app */,
			);
			name = Products;
			sourceTree = "<group>";
		};
		EC7D49AD2AFBFFB30075BFDB /* ProyectoVerde */ = {
			isa = PBXGroup;
			children = (
				EC7D49AE2AFBFFB30075BFDB /* ProyectoVerdeApp.swift */,
				EC7D49B02AFBFFB30075BFDB /* ContentView.swift */,
				EC7D49C12AFC02210075BFDB /* Login */,
				EC64C4152AFC1590006D7B5E /* Calendario */,
				EC7D49B22AFBFFB40075BFDB /* Assets.xcassets */,
				EC7D49B72AFBFFB40075BFDB /* Persistence.swift */,
				EC7D49C22AFC03050075BFDB /* GoogleService-Info.plist */,
				EC64C4142AFC1303006D7B5E /* Info.plist */,
				EC7D49B92AFBFFB40075BFDB /* ProyectoVerde.xcdatamodeld */,
				EC7D49B42AFBFFB40075BFDB /* Preview Content */,
			);
			path = ProyectoVerde;
			sourceTree = "<group>";
		};
		EC7D49B42AFBFFB40075BFDB /* Preview Content */ = {
			isa = PBXGroup;
			children = (
				EC7D49B52AFBFFB40075BFDB /* Preview Assets.xcassets */,
			);
			path = "Preview Content";
			sourceTree = "<group>";
		};
		EC7D49C12AFC02210075BFDB /* Login */ = {
			isa = PBXGroup;
			children = (
				EC7D49FB2AFC0BBF0075BFDB /* LoginViewModel.swift */,
				EC7D49FD2AFC0C020075BFDB /* Login.swift */,
				EC7D49FF2AFC0C490075BFDB /* HomePrueba.swift */,
				EC7D4A012AFC0C720075BFDB /* LoadingScreen.swift */,
			);
			path = Login;
			sourceTree = "<group>";
		};
/* End PBXGroup section */

/* Begin PBXNativeTarget section */
		EC7D49AA2AFBFFB30075BFDB /* ProyectoVerde */ = {
			isa = PBXNativeTarget;
			buildConfigurationList = EC7D49BE2AFBFFB40075BFDB /* Build configuration list for PBXNativeTarget "ProyectoVerde" */;
			buildPhases = (
				EC7D49A72AFBFFB30075BFDB /* Sources */,
				EC7D49A82AFBFFB30075BFDB /* Frameworks */,
				EC7D49A92AFBFFB30075BFDB /* Resources */,
			);
			buildRules = (
			);
			dependencies = (
			);
			name = ProyectoVerde;
			packageProductDependencies = (
				EC7D49C52AFC0A2D0075BFDB /* FirebaseAnalytics */,
				EC7D49C72AFC0A2D0075BFDB /* FirebaseAnalyticsOnDeviceConversion */,
				EC7D49C92AFC0A2D0075BFDB /* FirebaseAnalyticsSwift */,
				EC7D49CB2AFC0A2D0075BFDB /* FirebaseAnalyticsWithoutAdIdSupport */,
				EC7D49CD2AFC0A2D0075BFDB /* FirebaseAppCheck */,
				EC7D49CF2AFC0A2D0075BFDB /* FirebaseAppDistribution-Beta */,
				EC7D49D12AFC0A2D0075BFDB /* FirebaseAuth */,
				EC7D49D32AFC0A2D0075BFDB /* FirebaseAuthCombine-Community */,
				EC7D49D52AFC0A2D0075BFDB /* FirebaseCrashlytics */,
				EC7D49D72AFC0A2D0075BFDB /* FirebaseDatabase */,
				EC7D49D92AFC0A2D0075BFDB /* FirebaseDatabaseSwift */,
				EC7D49DB2AFC0A2D0075BFDB /* FirebaseDynamicLinks */,
				EC7D49DD2AFC0A2D0075BFDB /* FirebaseFirestore */,
				EC7D49DF2AFC0A2D0075BFDB /* FirebaseFirestoreCombine-Community */,
				EC7D49E12AFC0A2D0075BFDB /* FirebaseFirestoreSwift */,
				EC7D49E32AFC0A2D0075BFDB /* FirebaseFunctions */,
				EC7D49E52AFC0A2D0075BFDB /* FirebaseFunctionsCombine-Community */,
				EC7D49E72AFC0A2D0075BFDB /* FirebaseInAppMessaging-Beta */,
				EC7D49E92AFC0A2D0075BFDB /* FirebaseInAppMessagingSwift-Beta */,
				EC7D49EB2AFC0A2D0075BFDB /* FirebaseInstallations */,
				EC7D49ED2AFC0A2D0075BFDB /* FirebaseMLModelDownloader */,
				EC7D49EF2AFC0A2D0075BFDB /* FirebaseMessaging */,
				EC7D49F12AFC0A2D0075BFDB /* FirebasePerformance */,
				EC7D49F32AFC0A2D0075BFDB /* FirebaseRemoteConfig */,
				EC7D49F52AFC0A2D0075BFDB /* FirebaseRemoteConfigSwift */,
				EC7D49F72AFC0A2D0075BFDB /* FirebaseStorage */,
				EC7D49F92AFC0A2D0075BFDB /* FirebaseStorageCombine-Community */,
			);
			productName = ProyectoVerde;
			productReference = EC7D49AB2AFBFFB30075BFDB /* ProyectoVerde.app */;
			productType = "com.apple.product-type.application";
		};
/* End PBXNativeTarget section */

/* Begin PBXProject section */
		EC7D49A32AFBFFB30075BFDB /* Project object */ = {
			isa = PBXProject;
			attributes = {
				BuildIndependentTargetsInParallel = 1;
				LastSwiftUpdateCheck = 1500;
				LastUpgradeCheck = 1500;
				TargetAttributes = {
					EC7D49AA2AFBFFB30075BFDB = {
						CreatedOnToolsVersion = 15.0;
					};
				};
			};
			buildConfigurationList = EC7D49A62AFBFFB30075BFDB /* Build configuration list for PBXProject "ProyectoVerde" */;
			compatibilityVersion = "Xcode 14.0";
			developmentRegion = en;
			hasScannedForEncodings = 0;
			knownRegions = (
				en,
				Base,
			);
			mainGroup = EC7D49A22AFBFFB30075BFDB;
			packageReferences = (
				EC7D49C42AFC0A2D0075BFDB /* XCRemoteSwiftPackageReference "firebase-ios-sdk" */,
			);
			productRefGroup = EC7D49AC2AFBFFB30075BFDB /* Products */;
			projectDirPath = "";
			projectRoot = "";
			targets = (
				EC7D49AA2AFBFFB30075BFDB /* ProyectoVerde */,
			);
		};
/* End PBXProject section */

/* Begin PBXResourcesBuildPhase section */
		EC7D49A92AFBFFB30075BFDB /* Resources */ = {
			isa = PBXResourcesBuildPhase;
			buildActionMask = 2147483647;
			files = (
				EC7D49B62AFBFFB40075BFDB /* Preview Assets.xcassets in Resources */,
				EC7D49B32AFBFFB40075BFDB /* Assets.xcassets in Resources */,
				EC7D49C32AFC03050075BFDB /* GoogleService-Info.plist in Resources */,
			);
			runOnlyForDeploymentPostprocessing = 0;
		};
/* End PBXResourcesBuildPhase section */

/* Begin PBXSourcesBuildPhase section */
		EC7D49A72AFBFFB30075BFDB /* Sources */ = {
			isa = PBXSourcesBuildPhase;
			buildActionMask = 2147483647;
			files = (
				EC64C4192AFC1633006D7B5E /* Item.swift in Sources */,
				EC7D49B82AFBFFB40075BFDB /* Persistence.swift in Sources */,
				EC7D49BB2AFBFFB40075BFDB /* ProyectoVerde.xcdatamodeld in Sources */,
				EC7D49B12AFBFFB30075BFDB /* ContentView.swift in Sources */,
				EC7D49FE2AFC0C020075BFDB /* Login.swift in Sources */,
				EC7D4A022AFC0C720075BFDB /* LoadingScreen.swift in Sources */,
				EC7D4A002AFC0C490075BFDB /* HomePrueba.swift in Sources */,
				EC7D49FC2AFC0BBF0075BFDB /* LoginViewModel.swift in Sources */,
				EC7D49AF2AFBFFB30075BFDB /* ProyectoVerdeApp.swift in Sources */,
				EC64C4172AFC15A4006D7B5E /* Calendario.swift in Sources */,
			);
			runOnlyForDeploymentPostprocessing = 0;
		};
/* End PBXSourcesBuildPhase section */

/* Begin XCBuildConfiguration section */
		EC7D49BC2AFBFFB40075BFDB /* Debug */ = {
			isa = XCBuildConfiguration;
			buildSettings = {
				ALWAYS_SEARCH_USER_PATHS = NO;
				ASSETCATALOG_COMPILER_GENERATE_SWIFT_ASSET_SYMBOL_EXTENSIONS = YES;
				CLANG_ANALYZER_NONNULL = YES;
				CLANG_ANALYZER_NUMBER_OBJECT_CONVERSION = YES_AGGRESSIVE;
				CLANG_CXX_LANGUAGE_STANDARD = "gnu++20";
				CLANG_ENABLE_MODULES = YES;
				CLANG_ENABLE_OBJC_ARC = YES;
				CLANG_ENABLE_OBJC_WEAK = YES;
				CLANG_WARN_BLOCK_CAPTURE_AUTORELEASING = YES;
				CLANG_WARN_BOOL_CONVERSION = YES;
				CLANG_WARN_COMMA = YES;
				CLANG_WARN_CONSTANT_CONVERSION = YES;
				CLANG_WARN_DEPRECATED_OBJC_IMPLEMENTATIONS = YES;
				CLANG_WARN_DIRECT_OBJC_ISA_USAGE = YES_ERROR;
				CLANG_WARN_DOCUMENTATION_COMMENTS = YES;
				CLANG_WARN_EMPTY_BODY = YES;
				CLANG_WARN_ENUM_CONVERSION = YES;
				CLANG_WARN_INFINITE_RECURSION = YES;
				CLANG_WARN_INT_CONVERSION = YES;
				CLANG_WARN_NON_LITERAL_NULL_CONVERSION = YES;
				CLANG_WARN_OBJC_IMPLICIT_RETAIN_SELF = YES;
				CLANG_WARN_OBJC_LITERAL_CONVERSION = YES;
				CLANG_WARN_OBJC_ROOT_CLASS = YES_ERROR;
				CLANG_WARN_QUOTED_INCLUDE_IN_FRAMEWORK_HEADER = YES;
				CLANG_WARN_RANGE_LOOP_ANALYSIS = YES;
				CLANG_WARN_STRICT_PROTOTYPES = YES;
				CLANG_WARN_SUSPICIOUS_MOVE = YES;
				CLANG_WARN_UNGUARDED_AVAILABILITY = YES_AGGRESSIVE;
				CLANG_WARN_UNREACHABLE_CODE = YES;
				CLANG_WARN__DUPLICATE_METHOD_MATCH = YES;
				COPY_PHASE_STRIP = NO;
				DEBUG_INFORMATION_FORMAT = dwarf;
				ENABLE_STRICT_OBJC_MSGSEND = YES;
				ENABLE_TESTABILITY = YES;
				ENABLE_USER_SCRIPT_SANDBOXING = YES;
				GCC_C_LANGUAGE_STANDARD = gnu17;
				GCC_DYNAMIC_NO_PIC = NO;
				GCC_NO_COMMON_BLOCKS = YES;
				GCC_OPTIMIZATION_LEVEL = 0;
				GCC_PREPROCESSOR_DEFINITIONS = (
					"DEBUG=1",
					"$(inherited)",
				);
				GCC_WARN_64_TO_32_BIT_CONVERSION = YES;
				GCC_WARN_ABOUT_RETURN_TYPE = YES_ERROR;
				GCC_WARN_UNDECLARED_SELECTOR = YES;
				GCC_WARN_UNINITIALIZED_AUTOS = YES_AGGRESSIVE;
				GCC_WARN_UNUSED_FUNCTION = YES;
				GCC_WARN_UNUSED_VARIABLE = YES;
				IPHONEOS_DEPLOYMENT_TARGET = 17.0;
				LOCALIZATION_PREFERS_STRING_CATALOGS = YES;
				MTL_ENABLE_DEBUG_INFO = INCLUDE_SOURCE;
				MTL_FAST_MATH = YES;
				ONLY_ACTIVE_ARCH = YES;
				SDKROOT = iphoneos;
				SWIFT_ACTIVE_COMPILATION_CONDITIONS = "DEBUG $(inherited)";
				SWIFT_OPTIMIZATION_LEVEL = "-Onone";
			};
			name = Debug;
		};
		EC7D49BD2AFBFFB40075BFDB /* Release */ = {
			isa = XCBuildConfiguration;
			buildSettings = {
				ALWAYS_SEARCH_USER_PATHS = NO;
				ASSETCATALOG_COMPILER_GENERATE_SWIFT_ASSET_SYMBOL_EXTENSIONS = YES;
				CLANG_ANALYZER_NONNULL = YES;
				CLANG_ANALYZER_NUMBER_OBJECT_CONVERSION = YES_AGGRESSIVE;
				CLANG_CXX_LANGUAGE_STANDARD = "gnu++20";
				CLANG_ENABLE_MODULES = YES;
				CLANG_ENABLE_OBJC_ARC = YES;
				CLANG_ENABLE_OBJC_WEAK = YES;
				CLANG_WARN_BLOCK_CAPTURE_AUTORELEASING = YES;
				CLANG_WARN_BOOL_CONVERSION = YES;
				CLANG_WARN_COMMA = YES;
				CLANG_WARN_CONSTANT_CONVERSION = YES;
				CLANG_WARN_DEPRECATED_OBJC_IMPLEMENTATIONS = YES;
				CLANG_WARN_DIRECT_OBJC_ISA_USAGE = YES_ERROR;
				CLANG_WARN_DOCUMENTATION_COMMENTS = YES;
				CLANG_WARN_EMPTY_BODY = YES;
				CLANG_WARN_ENUM_CONVERSION = YES;
				CLANG_WARN_INFINITE_RECURSION = YES;
				CLANG_WARN_INT_CONVERSION = YES;
				CLANG_WARN_NON_LITERAL_NULL_CONVERSION = YES;
				CLANG_WARN_OBJC_IMPLICIT_RETAIN_SELF = YES;
				CLANG_WARN_OBJC_LITERAL_CONVERSION = YES;
				CLANG_WARN_OBJC_ROOT_CLASS = YES_ERROR;
				CLANG_WARN_QUOTED_INCLUDE_IN_FRAMEWORK_HEADER = YES;
				CLANG_WARN_RANGE_LOOP_ANALYSIS = YES;
				CLANG_WARN_STRICT_PROTOTYPES = YES;
				CLANG_WARN_SUSPICIOUS_MOVE = YES;
				CLANG_WARN_UNGUARDED_AVAILABILITY = YES_AGGRESSIVE;
				CLANG_WARN_UNREACHABLE_CODE = YES;
				CLANG_WARN__DUPLICATE_METHOD_MATCH = YES;
				COPY_PHASE_STRIP = NO;
				DEBUG_INFORMATION_FORMAT = "dwarf-with-dsym";
				ENABLE_NS_ASSERTIONS = NO;
				ENABLE_STRICT_OBJC_MSGSEND = YES;
				ENABLE_USER_SCRIPT_SANDBOXING = YES;
				GCC_C_LANGUAGE_STANDARD = gnu17;
				GCC_NO_COMMON_BLOCKS = YES;
				GCC_WARN_64_TO_32_BIT_CONVERSION = YES;
				GCC_WARN_ABOUT_RETURN_TYPE = YES_ERROR;
				GCC_WARN_UNDECLARED_SELECTOR = YES;
				GCC_WARN_UNINITIALIZED_AUTOS = YES_AGGRESSIVE;
				GCC_WARN_UNUSED_FUNCTION = YES;
				GCC_WARN_UNUSED_VARIABLE = YES;
				IPHONEOS_DEPLOYMENT_TARGET = 17.0;
				LOCALIZATION_PREFERS_STRING_CATALOGS = YES;
				MTL_ENABLE_DEBUG_INFO = NO;
				MTL_FAST_MATH = YES;
				SDKROOT = iphoneos;
				SWIFT_COMPILATION_MODE = wholemodule;
				VALIDATE_PRODUCT = YES;
			};
			name = Release;
		};
		EC7D49BF2AFBFFB40075BFDB /* Debug */ = {
			isa = XCBuildConfiguration;
			buildSettings = {
				ASSETCATALOG_COMPILER_APPICON_NAME = AppIcon;
				ASSETCATALOG_COMPILER_GLOBAL_ACCENT_COLOR_NAME = AccentColor;
				CODE_SIGN_STYLE = Automatic;
				CURRENT_PROJECT_VERSION = 1;
				DEVELOPMENT_ASSET_PATHS = "\"ProyectoVerde/Preview Content\"";
				DEVELOPMENT_TEAM = V323JCJ58W;
				ENABLE_PREVIEWS = YES;
				GENERATE_INFOPLIST_FILE = YES;
				INFOPLIST_FILE = ProyectoVerde/Info.plist;
				INFOPLIST_KEY_CFBundleDisplayName = "";
				INFOPLIST_KEY_LSApplicationCategoryType = "";
				INFOPLIST_KEY_NSFaceIDUsageDescription = "Se necesita Acceso a tus datos de FaceID";
				INFOPLIST_KEY_UIApplicationSceneManifest_Generation = YES;
				INFOPLIST_KEY_UIApplicationSupportsIndirectInputEvents = YES;
				INFOPLIST_KEY_UILaunchScreen_Generation = YES;
				INFOPLIST_KEY_UISupportedInterfaceOrientations_iPad = "UIInterfaceOrientationPortrait UIInterfaceOrientationPortraitUpsideDown UIInterfaceOrientationLandscapeLeft UIInterfaceOrientationLandscapeRight";
				INFOPLIST_KEY_UISupportedInterfaceOrientations_iPhone = "UIInterfaceOrientationPortrait UIInterfaceOrientationLandscapeLeft UIInterfaceOrientationLandscapeRight";
				LD_RUNPATH_SEARCH_PATHS = (
					"$(inherited)",
					"@executable_path/Frameworks",
				);
				MARKETING_VERSION = 1.0;
				PRODUCT_BUNDLE_IDENTIFIER = com.unam.ProyectoVerde;
				PRODUCT_NAME = "$(TARGET_NAME)";
				SWIFT_EMIT_LOC_STRINGS = YES;
				SWIFT_VERSION = 5.0;
				TARGETED_DEVICE_FAMILY = "1,2";
			};
			name = Debug;
		};
		EC7D49C02AFBFFB40075BFDB /* Release */ = {
			isa = XCBuildConfiguration;
			buildSettings = {
				ASSETCATALOG_COMPILER_APPICON_NAME = AppIcon;
				ASSETCATALOG_COMPILER_GLOBAL_ACCENT_COLOR_NAME = AccentColor;
				CODE_SIGN_STYLE = Automatic;
				CURRENT_PROJECT_VERSION = 1;
				DEVELOPMENT_ASSET_PATHS = "\"ProyectoVerde/Preview Content\"";
				DEVELOPMENT_TEAM = V323JCJ58W;
				ENABLE_PREVIEWS = YES;
				GENERATE_INFOPLIST_FILE = YES;
				INFOPLIST_FILE = ProyectoVerde/Info.plist;
				INFOPLIST_KEY_CFBundleDisplayName = "";
				INFOPLIST_KEY_LSApplicationCategoryType = "";
				INFOPLIST_KEY_NSFaceIDUsageDescription = "Se necesita Acceso a tus datos de FaceID";
				INFOPLIST_KEY_UIApplicationSceneManifest_Generation = YES;
				INFOPLIST_KEY_UIApplicationSupportsIndirectInputEvents = YES;
				INFOPLIST_KEY_UILaunchScreen_Generation = YES;
				INFOPLIST_KEY_UISupportedInterfaceOrientations_iPad = "UIInterfaceOrientationPortrait UIInterfaceOrientationPortraitUpsideDown UIInterfaceOrientationLandscapeLeft UIInterfaceOrientationLandscapeRight";
				INFOPLIST_KEY_UISupportedInterfaceOrientations_iPhone = "UIInterfaceOrientationPortrait UIInterfaceOrientationLandscapeLeft UIInterfaceOrientationLandscapeRight";
				LD_RUNPATH_SEARCH_PATHS = (
					"$(inherited)",
					"@executable_path/Frameworks",
				);
				MARKETING_VERSION = 1.0;
				PRODUCT_BUNDLE_IDENTIFIER = com.unam.ProyectoVerde;
				PRODUCT_NAME = "$(TARGET_NAME)";
				SWIFT_EMIT_LOC_STRINGS = YES;
				SWIFT_VERSION = 5.0;
				TARGETED_DEVICE_FAMILY = "1,2";
			};
			name = Release;
		};
/* End XCBuildConfiguration section */

/* Begin XCConfigurationList section */
		EC7D49A62AFBFFB30075BFDB /* Build configuration list for PBXProject "ProyectoVerde" */ = {
			isa = XCConfigurationList;
			buildConfigurations = (
				EC7D49BC2AFBFFB40075BFDB /* Debug */,
				EC7D49BD2AFBFFB40075BFDB /* Release */,
			);
			defaultConfigurationIsVisible = 0;
			defaultConfigurationName = Release;
		};
		EC7D49BE2AFBFFB40075BFDB /* Build configuration list for PBXNativeTarget "ProyectoVerde" */ = {
			isa = XCConfigurationList;
			buildConfigurations = (
				EC7D49BF2AFBFFB40075BFDB /* Debug */,
				EC7D49C02AFBFFB40075BFDB /* Release */,
			);
			defaultConfigurationIsVisible = 0;
			defaultConfigurationName = Release;
		};
/* End XCConfigurationList section */

/* Begin XCRemoteSwiftPackageReference section */
		EC7D49C42AFC0A2D0075BFDB /* XCRemoteSwiftPackageReference "firebase-ios-sdk" */ = {
			isa = XCRemoteSwiftPackageReference;
			repositoryURL = "https://github.com/firebase/firebase-ios-sdk.git";
			requirement = {
				kind = upToNextMajorVersion;
				minimumVersion = 10.17.0;
			};
		};
/* End XCRemoteSwiftPackageReference section */

/* Begin XCSwiftPackageProductDependency section */
		EC7D49C52AFC0A2D0075BFDB /* FirebaseAnalytics */ = {
			isa = XCSwiftPackageProductDependency;
			package = EC7D49C42AFC0A2D0075BFDB /* XCRemoteSwiftPackageReference "firebase-ios-sdk" */;
			productName = FirebaseAnalytics;
		};
		EC7D49C72AFC0A2D0075BFDB /* FirebaseAnalyticsOnDeviceConversion */ = {
			isa = XCSwiftPackageProductDependency;
			package = EC7D49C42AFC0A2D0075BFDB /* XCRemoteSwiftPackageReference "firebase-ios-sdk" */;
			productName = FirebaseAnalyticsOnDeviceConversion;
		};
		EC7D49C92AFC0A2D0075BFDB /* FirebaseAnalyticsSwift */ = {
			isa = XCSwiftPackageProductDependency;
			package = EC7D49C42AFC0A2D0075BFDB /* XCRemoteSwiftPackageReference "firebase-ios-sdk" */;
			productName = FirebaseAnalyticsSwift;
		};
		EC7D49CB2AFC0A2D0075BFDB /* FirebaseAnalyticsWithoutAdIdSupport */ = {
			isa = XCSwiftPackageProductDependency;
			package = EC7D49C42AFC0A2D0075BFDB /* XCRemoteSwiftPackageReference "firebase-ios-sdk" */;
			productName = FirebaseAnalyticsWithoutAdIdSupport;
		};
		EC7D49CD2AFC0A2D0075BFDB /* FirebaseAppCheck */ = {
			isa = XCSwiftPackageProductDependency;
			package = EC7D49C42AFC0A2D0075BFDB /* XCRemoteSwiftPackageReference "firebase-ios-sdk" */;
			productName = FirebaseAppCheck;
		};
		EC7D49CF2AFC0A2D0075BFDB /* FirebaseAppDistribution-Beta */ = {
			isa = XCSwiftPackageProductDependency;
			package = EC7D49C42AFC0A2D0075BFDB /* XCRemoteSwiftPackageReference "firebase-ios-sdk" */;
			productName = "FirebaseAppDistribution-Beta";
		};
		EC7D49D12AFC0A2D0075BFDB /* FirebaseAuth */ = {
			isa = XCSwiftPackageProductDependency;
			package = EC7D49C42AFC0A2D0075BFDB /* XCRemoteSwiftPackageReference "firebase-ios-sdk" */;
			productName = FirebaseAuth;
		};
		EC7D49D32AFC0A2D0075BFDB /* FirebaseAuthCombine-Community */ = {
			isa = XCSwiftPackageProductDependency;
			package = EC7D49C42AFC0A2D0075BFDB /* XCRemoteSwiftPackageReference "firebase-ios-sdk" */;
			productName = "FirebaseAuthCombine-Community";
		};
		EC7D49D52AFC0A2D0075BFDB /* FirebaseCrashlytics */ = {
			isa = XCSwiftPackageProductDependency;
			package = EC7D49C42AFC0A2D0075BFDB /* XCRemoteSwiftPackageReference "firebase-ios-sdk" */;
			productName = FirebaseCrashlytics;
		};
		EC7D49D72AFC0A2D0075BFDB /* FirebaseDatabase */ = {
			isa = XCSwiftPackageProductDependency;
			package = EC7D49C42AFC0A2D0075BFDB /* XCRemoteSwiftPackageReference "firebase-ios-sdk" */;
			productName = FirebaseDatabase;
		};
		EC7D49D92AFC0A2D0075BFDB /* FirebaseDatabaseSwift */ = {
			isa = XCSwiftPackageProductDependency;
			package = EC7D49C42AFC0A2D0075BFDB /* XCRemoteSwiftPackageReference "firebase-ios-sdk" */;
			productName = FirebaseDatabaseSwift;
		};
		EC7D49DB2AFC0A2D0075BFDB /* FirebaseDynamicLinks */ = {
			isa = XCSwiftPackageProductDependency;
			package = EC7D49C42AFC0A2D0075BFDB /* XCRemoteSwiftPackageReference "firebase-ios-sdk" */;
			productName = FirebaseDynamicLinks;
		};
		EC7D49DD2AFC0A2D0075BFDB /* FirebaseFirestore */ = {
			isa = XCSwiftPackageProductDependency;
			package = EC7D49C42AFC0A2D0075BFDB /* XCRemoteSwiftPackageReference "firebase-ios-sdk" */;
			productName = FirebaseFirestore;
		};
		EC7D49DF2AFC0A2D0075BFDB /* FirebaseFirestoreCombine-Community */ = {
			isa = XCSwiftPackageProductDependency;
			package = EC7D49C42AFC0A2D0075BFDB /* XCRemoteSwiftPackageReference "firebase-ios-sdk" */;
			productName = "FirebaseFirestoreCombine-Community";
		};
		EC7D49E12AFC0A2D0075BFDB /* FirebaseFirestoreSwift */ = {
			isa = XCSwiftPackageProductDependency;
			package = EC7D49C42AFC0A2D0075BFDB /* XCRemoteSwiftPackageReference "firebase-ios-sdk" */;
			productName = FirebaseFirestoreSwift;
		};
		EC7D49E32AFC0A2D0075BFDB /* FirebaseFunctions */ = {
			isa = XCSwiftPackageProductDependency;
			package = EC7D49C42AFC0A2D0075BFDB /* XCRemoteSwiftPackageReference "firebase-ios-sdk" */;
			productName = FirebaseFunctions;
		};
		EC7D49E52AFC0A2D0075BFDB /* FirebaseFunctionsCombine-Community */ = {
			isa = XCSwiftPackageProductDependency;
			package = EC7D49C42AFC0A2D0075BFDB /* XCRemoteSwiftPackageReference "firebase-ios-sdk" */;
			productName = "FirebaseFunctionsCombine-Community";
		};
		EC7D49E72AFC0A2D0075BFDB /* FirebaseInAppMessaging-Beta */ = {
			isa = XCSwiftPackageProductDependency;
			package = EC7D49C42AFC0A2D0075BFDB /* XCRemoteSwiftPackageReference "firebase-ios-sdk" */;
			productName = "FirebaseInAppMessaging-Beta";
		};
		EC7D49E92AFC0A2D0075BFDB /* FirebaseInAppMessagingSwift-Beta */ = {
			isa = XCSwiftPackageProductDependency;
			package = EC7D49C42AFC0A2D0075BFDB /* XCRemoteSwiftPackageReference "firebase-ios-sdk" */;
			productName = "FirebaseInAppMessagingSwift-Beta";
		};
		EC7D49EB2AFC0A2D0075BFDB /* FirebaseInstallations */ = {
			isa = XCSwiftPackageProductDependency;
			package = EC7D49C42AFC0A2D0075BFDB /* XCRemoteSwiftPackageReference "firebase-ios-sdk" */;
			productName = FirebaseInstallations;
		};
		EC7D49ED2AFC0A2D0075BFDB /* FirebaseMLModelDownloader */ = {
			isa = XCSwiftPackageProductDependency;
			package = EC7D49C42AFC0A2D0075BFDB /* XCRemoteSwiftPackageReference "firebase-ios-sdk" */;
			productName = FirebaseMLModelDownloader;
		};
		EC7D49EF2AFC0A2D0075BFDB /* FirebaseMessaging */ = {
			isa = XCSwiftPackageProductDependency;
			package = EC7D49C42AFC0A2D0075BFDB /* XCRemoteSwiftPackageReference "firebase-ios-sdk" */;
			productName = FirebaseMessaging;
		};
		EC7D49F12AFC0A2D0075BFDB /* FirebasePerformance */ = {
			isa = XCSwiftPackageProductDependency;
			package = EC7D49C42AFC0A2D0075BFDB /* XCRemoteSwiftPackageReference "firebase-ios-sdk" */;
			productName = FirebasePerformance;
		};
		EC7D49F32AFC0A2D0075BFDB /* FirebaseRemoteConfig */ = {
			isa = XCSwiftPackageProductDependency;
			package = EC7D49C42AFC0A2D0075BFDB /* XCRemoteSwiftPackageReference "firebase-ios-sdk" */;
			productName = FirebaseRemoteConfig;
		};
		EC7D49F52AFC0A2D0075BFDB /* FirebaseRemoteConfigSwift */ = {
			isa = XCSwiftPackageProductDependency;
			package = EC7D49C42AFC0A2D0075BFDB /* XCRemoteSwiftPackageReference "firebase-ios-sdk" */;
			productName = FirebaseRemoteConfigSwift;
		};
		EC7D49F72AFC0A2D0075BFDB /* FirebaseStorage */ = {
			isa = XCSwiftPackageProductDependency;
			package = EC7D49C42AFC0A2D0075BFDB /* XCRemoteSwiftPackageReference "firebase-ios-sdk" */;
			productName = FirebaseStorage;
		};
		EC7D49F92AFC0A2D0075BFDB /* FirebaseStorageCombine-Community */ = {
			isa = XCSwiftPackageProductDependency;
			package = EC7D49C42AFC0A2D0075BFDB /* XCRemoteSwiftPackageReference "firebase-ios-sdk" */;
			productName = "FirebaseStorageCombine-Community";
		};
/* End XCSwiftPackageProductDependency section */

/* Begin XCVersionGroup section */
		EC7D49B92AFBFFB40075BFDB /* ProyectoVerde.xcdatamodeld */ = {
			isa = XCVersionGroup;
			children = (
				EC7D49BA2AFBFFB40075BFDB /* ProyectoVerde.xcdatamodel */,
			);
			currentVersion = EC7D49BA2AFBFFB40075BFDB /* ProyectoVerde.xcdatamodel */;
			path = ProyectoVerde.xcdatamodeld;
			sourceTree = "<group>";
			versionGroupType = wrapper.xcdatamodel;
		};
/* End XCVersionGroup section */
	};
	rootObject = EC7D49A32AFBFFB30075BFDB /* Project object */;
}
